
Microsoft Visual Studio Solution File, Format Version 12.00
# Visual Studio Version 17
VisualStudioVersion = 17.5.33516.290
MinimumVisualStudioVersion = 10.0.40219.1
Project("{8BC9CEB8-8B4A-11D0-8D11-00A0C91BC942}") = "pz_001", "..\..\..\Downloads\pz_001\pz_001\pz_001.vcxproj", "{660DCF55-E20A-421F-85A6-EF784FD265E8}"
EndProject
Project("{9A19103F-16F7-4668-BE54-9A1E7A4F7556}") = "pz_002", "pz_002\pz_002.csproj", "{C28CC005-6F81-4480-8D2F-017BC2908A29}"
EndProject
Project("{9A19103F-16F7-4668-BE54-9A1E7A4F7556}") = "pz_003", "pz_003\pz_003.csproj", "{A1269268-1C56-455C-97FA-099291757266}"
EndProject
Project("{9A19103F-16F7-4668-BE54-9A1E7A4F7556}") = "pz_004", "pz_004\pz_004.csproj", "{F97C0377-8819-4002-B71A-A2E58531CC26}"
EndProject
Project("{9A19103F-16F7-4668-BE54-9A1E7A4F7556}") = "pz_005", "pz_005\pz_005.csproj", "{0FDEB5DE-9424-474C-9F08-12B30BA3A011}"
EndProject
Project("{FAE04EC0-301F-11D3-BF4B-00C04F79EFBC}") = "pz_006", "pz_006\pz_006.csproj", "{A7E315EF-8CF0-4BB0-A9D0-4F6C1BB077F7}"
EndProject
Project("{FAE04EC0-301F-11D3-BF4B-00C04F79EFBC}") = "pz_007", "pz_007\pz_007.csproj", "{CE0C2B5F-6925-4BBA-B866-1DD5D437514A}"
EndProject
Project("{9A19103F-16F7-4668-BE54-9A1E7A4F7556}") = "pz_008", "pz_008\pz_008.csproj", "{F249DC29-5149-4F93-A526-2DDC2DB5EA89}"
EndProject
Project("{FAE04EC0-301F-11D3-BF4B-00C04F79EFBC}") = "pz_009", "pz_009\pz_009.csproj", "{0C3A0367-ABE0-46E5-A941-468B12C91760}"
EndProject
Project("{FAE04EC0-301F-11D3-BF4B-00C04F79EFBC}") = "pz_010", "pz_010\pz_010.csproj", "{87888FFF-E344-4BDC-B379-3B581815C6C8}"
EndProject
Global
	GlobalSection(SolutionConfigurationPlatforms) = preSolution
		Debug|Any CPU = Debug|Any CPU
		Debug|ARM = Debug|ARM
		Debug|ARM64 = Debug|ARM64
		Debug|x64 = Debug|x64
		Debug|x86 = Debug|x86
		Release|Any CPU = Release|Any CPU
		Release|ARM = Release|ARM
		Release|ARM64 = Release|ARM64
		Release|x64 = Release|x64
		Release|x86 = Release|x86
	EndGlobalSection
	GlobalSection(ProjectConfigurationPlatforms) = postSolution
		{660DCF55-E20A-421F-85A6-EF784FD265E8}.Debug|Any CPU.ActiveCfg = Debug|x64
		{660DCF55-E20A-421F-85A6-EF784FD265E8}.Debug|Any CPU.Build.0 = Debug|x64
		{660DCF55-E20A-421F-85A6-EF784FD265E8}.Debug|ARM.ActiveCfg = Debug|x64
		{660DCF55-E20A-421F-85A6-EF784FD265E8}.Debug|ARM.Build.0 = Debug|x64
		{660DCF55-E20A-421F-85A6-EF784FD265E8}.Debug|ARM64.ActiveCfg = Debug|x64
		{660DCF55-E20A-421F-85A6-EF784FD265E8}.Debug|ARM64.Build.0 = Debug|x64
		{660DCF55-E20A-421F-85A6-EF784FD265E8}.Debug|x64.ActiveCfg = Debug|x64
		{660DCF55-E20A-421F-85A6-EF784FD265E8}.Debug|x64.Build.0 = Debug|x64
		{660DCF55-E20A-421F-85A6-EF784FD265E8}.Debug|x86.ActiveCfg = Debug|Win32
		{660DCF55-E20A-421F-85A6-EF784FD265E8}.Debug|x86.Build.0 = Debug|Win32
		{660DCF55-E20A-421F-85A6-EF784FD265E8}.Release|Any CPU.ActiveCfg = Release|x64
		{660DCF55-E20A-421F-85A6-EF784FD265E8}.Release|Any CPU.Build.0 = Release|x64
		{660DCF55-E20A-421F-85A6-EF784FD265E8}.Release|ARM.ActiveCfg = Release|x64
		{660DCF55-E20A-421F-85A6-EF784FD265E8}.Release|ARM.Build.0 = Release|x64
		{660DCF55-E20A-421F-85A6-EF784FD265E8}.Release|ARM64.ActiveCfg = Release|x64
		{660DCF55-E20A-421F-85A6-EF784FD265E8}.Release|ARM64.Build.0 = Release|x64
		{660DCF55-E20A-421F-85A6-EF784FD265E8}.Release|x64.ActiveCfg = Release|x64
		{660DCF55-E20A-421F-85A6-EF784FD265E8}.Release|x64.Build.0 = Release|x64
		{660DCF55-E20A-421F-85A6-EF784FD265E8}.Release|x86.ActiveCfg = Release|Win32
		{660DCF55-E20A-421F-85A6-EF784FD265E8}.Release|x86.Build.0 = Release|Win32
		{C28CC005-6F81-4480-8D2F-017BC2908A29}.Debug|Any CPU.ActiveCfg = Debug|Any CPU
		{C28CC005-6F81-4480-8D2F-017BC2908A29}.Debug|Any CPU.Build.0 = Debug|Any CPU
		{C28CC005-6F81-4480-8D2F-017BC2908A29}.Debug|ARM.ActiveCfg = Debug|Any CPU
		{C28CC005-6F81-4480-8D2F-017BC2908A29}.Debug|ARM.Build.0 = Debug|Any CPU
		{C28CC005-6F81-4480-8D2F-017BC2908A29}.Debug|ARM64.ActiveCfg = Debug|Any CPU
		{C28CC005-6F81-4480-8D2F-017BC2908A29}.Debug|ARM64.Build.0 = Debug|Any CPU
		{C28CC005-6F81-4480-8D2F-017BC2908A29}.Debug|x64.ActiveCfg = Debug|Any CPU
		{C28CC005-6F81-4480-8D2F-017BC2908A29}.Debug|x64.Build.0 = Debug|Any CPU
		{C28CC005-6F81-4480-8D2F-017BC2908A29}.Debug|x86.ActiveCfg = Debug|Any CPU
		{C28CC005-6F81-4480-8D2F-017BC2908A29}.Debug|x86.Build.0 = Debug|Any CPU
		{C28CC005-6F81-4480-8D2F-017BC2908A29}.Release|Any CPU.ActiveCfg = Release|Any CPU
		{C28CC005-6F81-4480-8D2F-017BC2908A29}.Release|Any CPU.Build.0 = Release|Any CPU
		{C28CC005-6F81-4480-8D2F-017BC2908A29}.Release|ARM.ActiveCfg = Release|Any CPU
		{C28CC005-6F81-4480-8D2F-017BC2908A29}.Release|ARM.Build.0 = Release|Any CPU
		{C28CC005-6F81-4480-8D2F-017BC2908A29}.Release|ARM64.ActiveCfg = Release|Any CPU
		{C28CC005-6F81-4480-8D2F-017BC2908A29}.Release|ARM64.Build.0 = Release|Any CPU
		{C28CC005-6F81-4480-8D2F-017BC2908A29}.Release|x64.ActiveCfg = Release|Any CPU
		{C28CC005-6F81-4480-8D2F-017BC2908A29}.Release|x64.Build.0 = Release|Any CPU
		{C28CC005-6F81-4480-8D2F-017BC2908A29}.Release|x86.ActiveCfg = Release|Any CPU
		{C28CC005-6F81-4480-8D2F-017BC2908A29}.Release|x86.Build.0 = Release|Any CPU
		{A1269268-1C56-455C-97FA-099291757266}.Debug|Any CPU.ActiveCfg = Debug|Any CPU
		{A1269268-1C56-455C-97FA-099291757266}.Debug|Any CPU.Build.0 = Debug|Any CPU
		{A1269268-1C56-455C-97FA-099291757266}.Debug|ARM.ActiveCfg = Debug|Any CPU
		{A1269268-1C56-455C-97FA-099291757266}.Debug|ARM.Build.0 = Debug|Any CPU
		{A1269268-1C56-455C-97FA-099291757266}.Debug|ARM64.ActiveCfg = Debug|Any CPU
		{A1269268-1C56-455C-97FA-099291757266}.Debug|ARM64.Build.0 = Debug|Any CPU
		{A1269268-1C56-455C-97FA-099291757266}.Debug|x64.ActiveCfg = Debug|Any CPU
		{A1269268-1C56-455C-97FA-099291757266}.Debug|x64.Build.0 = Debug|Any CPU
		{A1269268-1C56-455C-97FA-099291757266}.Debug|x86.ActiveCfg = Debug|Any CPU
		{A1269268-1C56-455C-97FA-099291757266}.Debug|x86.Build.0 = Debug|Any CPU
		{A1269268-1C56-455C-97FA-099291757266}.Release|Any CPU.ActiveCfg = Release|Any CPU
		{A1269268-1C56-455C-97FA-099291757266}.Release|Any CPU.Build.0 = Release|Any CPU
		{A1269268-1C56-455C-97FA-099291757266}.Release|ARM.ActiveCfg = Release|Any CPU
		{A1269268-1C56-455C-97FA-099291757266}.Release|ARM.Build.0 = Release|Any CPU
		{A1269268-1C56-455C-97FA-099291757266}.Release|ARM64.ActiveCfg = Release|Any CPU
		{A1269268-1C56-455C-97FA-099291757266}.Release|ARM64.Build.0 = Release|Any CPU
		{A1269268-1C56-455C-97FA-099291757266}.Release|x64.ActiveCfg = Release|Any CPU
		{A1269268-1C56-455C-97FA-099291757266}.Release|x64.Build.0 = Release|Any CPU
		{A1269268-1C56-455C-97FA-099291757266}.Release|x86.ActiveCfg = Release|Any CPU
		{A1269268-1C56-455C-97FA-099291757266}.Release|x86.Build.0 = Release|Any CPU
		{F97C0377-8819-4002-B71A-A2E58531CC26}.Debug|Any CPU.ActiveCfg = Debug|Any CPU
		{F97C0377-8819-4002-B71A-A2E58531CC26}.Debug|Any CPU.Build.0 = Debug|Any CPU
		{F97C0377-8819-4002-B71A-A2E58531CC26}.Debug|ARM.ActiveCfg = Debug|Any CPU
		{F97C0377-8819-4002-B71A-A2E58531CC26}.Debug|ARM.Build.0 = Debug|Any CPU
		{F97C0377-8819-4002-B71A-A2E58531CC26}.Debug|ARM64.ActiveCfg = Debug|Any CPU
		{F97C0377-8819-4002-B71A-A2E58531CC26}.Debug|ARM64.Build.0 = Debug|Any CPU
		{F97C0377-8819-4002-B71A-A2E58531CC26}.Debug|x64.ActiveCfg = Debug|Any CPU
		{F97C0377-8819-4002-B71A-A2E58531CC26}.Debug|x64.Build.0 = Debug|Any CPU
		{F97C0377-8819-4002-B71A-A2E58531CC26}.Debug|x86.ActiveCfg = Debug|Any CPU
		{F97C0377-8819-4002-B71A-A2E58531CC26}.Debug|x86.Build.0 = Debug|Any CPU
		{F97C0377-8819-4002-B71A-A2E58531CC26}.Release|Any CPU.ActiveCfg = Release|Any CPU
		{F97C0377-8819-4002-B71A-A2E58531CC26}.Release|Any CPU.Build.0 = Release|Any CPU
		{F97C0377-8819-4002-B71A-A2E58531CC26}.Release|ARM.ActiveCfg = Release|Any CPU
		{F97C0377-8819-4002-B71A-A2E58531CC26}.Release|ARM.Build.0 = Release|Any CPU
		{F97C0377-8819-4002-B71A-A2E58531CC26}.Release|ARM64.ActiveCfg = Release|Any CPU
		{F97C0377-8819-4002-B71A-A2E58531CC26}.Release|ARM64.Build.0 = Release|Any CPU
		{F97C0377-8819-4002-B71A-A2E58531CC26}.Release|x64.ActiveCfg = Release|Any CPU
		{F97C0377-8819-4002-B71A-A2E58531CC26}.Release|x64.Build.0 = Release|Any CPU
		{F97C0377-8819-4002-B71A-A2E58531CC26}.Release|x86.ActiveCfg = Release|Any CPU
		{F97C0377-8819-4002-B71A-A2E58531CC26}.Release|x86.Build.0 = Release|Any CPU
		{0FDEB5DE-9424-474C-9F08-12B30BA3A011}.Debug|Any CPU.ActiveCfg = Debug|Any CPU
		{0FDEB5DE-9424-474C-9F08-12B30BA3A011}.Debug|Any CPU.Build.0 = Debug|Any CPU
		{0FDEB5DE-9424-474C-9F08-12B30BA3A011}.Debug|ARM.ActiveCfg = Debug|Any CPU
		{0FDEB5DE-9424-474C-9F08-12B30BA3A011}.Debug|ARM.Build.0 = Debug|Any CPU
		{0FDEB5DE-9424-474C-9F08-12B30BA3A011}.Debug|ARM64.ActiveCfg = Debug|Any CPU
		{0FDEB5DE-9424-474C-9F08-12B30BA3A011}.Debug|ARM64.Build.0 = Debug|Any CPU
		{0FDEB5DE-9424-474C-9F08-12B30BA3A011}.Debug|x64.ActiveCfg = Debug|Any CPU
		{0FDEB5DE-9424-474C-9F08-12B30BA3A011}.Debug|x64.Build.0 = Debug|Any CPU
		{0FDEB5DE-9424-474C-9F08-12B30BA3A011}.Debug|x86.ActiveCfg = Debug|Any CPU
		{0FDEB5DE-9424-474C-9F08-12B30BA3A011}.Debug|x86.Build.0 = Debug|Any CPU
		{0FDEB5DE-9424-474C-9F08-12B30BA3A011}.Release|Any CPU.ActiveCfg = Release|Any CPU
		{0FDEB5DE-9424-474C-9F08-12B30BA3A011}.Release|Any CPU.Build.0 = Release|Any CPU
		{0FDEB5DE-9424-474C-9F08-12B30BA3A011}.Release|ARM.ActiveCfg = Release|Any CPU
		{0FDEB5DE-9424-474C-9F08-12B30BA3A011}.Release|ARM.Build.0 = Release|Any CPU
		{0FDEB5DE-9424-474C-9F08-12B30BA3A011}.Release|ARM64.ActiveCfg = Release|Any CPU
		{0FDEB5DE-9424-474C-9F08-12B30BA3A011}.Release|ARM64.Build.0 = Release|Any CPU
		{0FDEB5DE-9424-474C-9F08-12B30BA3A011}.Release|x64.ActiveCfg = Release|Any CPU
		{0FDEB5DE-9424-474C-9F08-12B30BA3A011}.Release|x64.Build.0 = Release|Any CPU
		{0FDEB5DE-9424-474C-9F08-12B30BA3A011}.Release|x86.ActiveCfg = Release|Any CPU
		{0FDEB5DE-9424-474C-9F08-12B30BA3A011}.Release|x86.Build.0 = Release|Any CPU
		{A7E315EF-8CF0-4BB0-A9D0-4F6C1BB077F7}.Debug|Any CPU.ActiveCfg = Debug|x64
		{A7E315EF-8CF0-4BB0-A9D0-4F6C1BB077F7}.Debug|Any CPU.Build.0 = Debug|x64
		{A7E315EF-8CF0-4BB0-A9D0-4F6C1BB077F7}.Debug|Any CPU.Deploy.0 = Debug|x64
		{A7E315EF-8CF0-4BB0-A9D0-4F6C1BB077F7}.Debug|ARM.ActiveCfg = Debug|ARM
		{A7E315EF-8CF0-4BB0-A9D0-4F6C1BB077F7}.Debug|ARM.Build.0 = Debug|ARM
		{A7E315EF-8CF0-4BB0-A9D0-4F6C1BB077F7}.Debug|ARM.Deploy.0 = Debug|ARM
		{A7E315EF-8CF0-4BB0-A9D0-4F6C1BB077F7}.Debug|ARM64.ActiveCfg = Debug|ARM64
		{A7E315EF-8CF0-4BB0-A9D0-4F6C1BB077F7}.Debug|ARM64.Build.0 = Debug|ARM64
		{A7E315EF-8CF0-4BB0-A9D0-4F6C1BB077F7}.Debug|ARM64.Deploy.0 = Debug|ARM64
		{A7E315EF-8CF0-4BB0-A9D0-4F6C1BB077F7}.Debug|x64.ActiveCfg = Debug|x64
		{A7E315EF-8CF0-4BB0-A9D0-4F6C1BB077F7}.Debug|x64.Build.0 = Debug|x64
		{A7E315EF-8CF0-4BB0-A9D0-4F6C1BB077F7}.Debug|x64.Deploy.0 = Debug|x64
		{A7E315EF-8CF0-4BB0-A9D0-4F6C1BB077F7}.Debug|x86.ActiveCfg = Debug|x86
		{A7E315EF-8CF0-4BB0-A9D0-4F6C1BB077F7}.Debug|x86.Build.0 = Debug|x86
		{A7E315EF-8CF0-4BB0-A9D0-4F6C1BB077F7}.Debug|x86.Deploy.0 = Debug|x86
		{A7E315EF-8CF0-4BB0-A9D0-4F6C1BB077F7}.Release|Any CPU.ActiveCfg = Release|x64
		{A7E315EF-8CF0-4BB0-A9D0-4F6C1BB077F7}.Release|Any CPU.Build.0 = Release|x64
		{A7E315EF-8CF0-4BB0-A9D0-4F6C1BB077F7}.Release|Any CPU.Deploy.0 = Release|x64
		{A7E315EF-8CF0-4BB0-A9D0-4F6C1BB077F7}.Release|ARM.ActiveCfg = Release|ARM
		{A7E315EF-8CF0-4BB0-A9D0-4F6C1BB077F7}.Release|ARM.Build.0 = Release|ARM
		{A7E315EF-8CF0-4BB0-A9D0-4F6C1BB077F7}.Release|ARM.Deploy.0 = Release|ARM
		{A7E315EF-8CF0-4BB0-A9D0-4F6C1BB077F7}.Release|ARM64.ActiveCfg = Release|ARM64
		{A7E315EF-8CF0-4BB0-A9D0-4F6C1BB077F7}.Release|ARM64.Build.0 = Release|ARM64
		{A7E315EF-8CF0-4BB0-A9D0-4F6C1BB077F7}.Release|ARM64.Deploy.0 = Release|ARM64
		{A7E315EF-8CF0-4BB0-A9D0-4F6C1BB077F7}.Release|x64.ActiveCfg = Release|x64
		{A7E315EF-8CF0-4BB0-A9D0-4F6C1BB077F7}.Release|x64.Build.0 = Release|x64
		{A7E315EF-8CF0-4BB0-A9D0-4F6C1BB077F7}.Release|x64.Deploy.0 = Release|x64
		{A7E315EF-8CF0-4BB0-A9D0-4F6C1BB077F7}.Release|x86.ActiveCfg = Release|x86
		{A7E315EF-8CF0-4BB0-A9D0-4F6C1BB077F7}.Release|x86.Build.0 = Release|x86
		{A7E315EF-8CF0-4BB0-A9D0-4F6C1BB077F7}.Release|x86.Deploy.0 = Release|x86
		{CE0C2B5F-6925-4BBA-B866-1DD5D437514A}.Debug|Any CPU.ActiveCfg = Debug|x64
		{CE0C2B5F-6925-4BBA-B866-1DD5D437514A}.Debug|Any CPU.Build.0 = Debug|x64
		{CE0C2B5F-6925-4BBA-B866-1DD5D437514A}.Debug|Any CPU.Deploy.0 = Debug|x64
		{CE0C2B5F-6925-4BBA-B866-1DD5D437514A}.Debug|ARM.ActiveCfg = Debug|ARM
		{CE0C2B5F-6925-4BBA-B866-1DD5D437514A}.Debug|ARM.Build.0 = Debug|ARM
		{CE0C2B5F-6925-4BBA-B866-1DD5D437514A}.Debug|ARM.Deploy.0 = Debug|ARM
		{CE0C2B5F-6925-4BBA-B866-1DD5D437514A}.Debug|ARM64.ActiveCfg = Debug|ARM64
		{CE0C2B5F-6925-4BBA-B866-1DD5D437514A}.Debug|ARM64.Build.0 = Debug|ARM64
		{CE0C2B5F-6925-4BBA-B866-1DD5D437514A}.Debug|ARM64.Deploy.0 = Debug|ARM64
		{CE0C2B5F-6925-4BBA-B866-1DD5D437514A}.Debug|x64.ActiveCfg = Debug|x64
		{CE0C2B5F-6925-4BBA-B866-1DD5D437514A}.Debug|x64.Build.0 = Debug|x64
		{CE0C2B5F-6925-4BBA-B866-1DD5D437514A}.Debug|x64.Deploy.0 = Debug|x64
		{CE0C2B5F-6925-4BBA-B866-1DD5D437514A}.Debug|x86.ActiveCfg = Debug|x86
		{CE0C2B5F-6925-4BBA-B866-1DD5D437514A}.Debug|x86.Build.0 = Debug|x86
		{CE0C2B5F-6925-4BBA-B866-1DD5D437514A}.Debug|x86.Deploy.0 = Debug|x86
		{CE0C2B5F-6925-4BBA-B866-1DD5D437514A}.Release|Any CPU.ActiveCfg = Release|x64
		{CE0C2B5F-6925-4BBA-B866-1DD5D437514A}.Release|Any CPU.Build.0 = Release|x64
		{CE0C2B5F-6925-4BBA-B866-1DD5D437514A}.Release|Any CPU.Deploy.0 = Release|x64
		{CE0C2B5F-6925-4BBA-B866-1DD5D437514A}.Release|ARM.ActiveCfg = Release|ARM
		{CE0C2B5F-6925-4BBA-B866-1DD5D437514A}.Release|ARM.Build.0 = Release|ARM
		{CE0C2B5F-6925-4BBA-B866-1DD5D437514A}.Release|ARM.Deploy.0 = Release|ARM
		{CE0C2B5F-6925-4BBA-B866-1DD5D437514A}.Release|ARM64.ActiveCfg = Release|ARM64
		{CE0C2B5F-6925-4BBA-B866-1DD5D437514A}.Release|ARM64.Build.0 = Release|ARM64
		{CE0C2B5F-6925-4BBA-B866-1DD5D437514A}.Release|ARM64.Deploy.0 = Release|ARM64
		{CE0C2B5F-6925-4BBA-B866-1DD5D437514A}.Release|x64.ActiveCfg = Release|x64
		{CE0C2B5F-6925-4BBA-B866-1DD5D437514A}.Release|x64.Build.0 = Release|x64
		{CE0C2B5F-6925-4BBA-B866-1DD5D437514A}.Release|x64.Deploy.0 = Release|x64
		{CE0C2B5F-6925-4BBA-B866-1DD5D437514A}.Release|x86.ActiveCfg = Release|x86
		{CE0C2B5F-6925-4BBA-B866-1DD5D437514A}.Release|x86.Build.0 = Release|x86
		{CE0C2B5F-6925-4BBA-B866-1DD5D437514A}.Release|x86.Deploy.0 = Release|x86
		{F249DC29-5149-4F93-A526-2DDC2DB5EA89}.Debug|Any CPU.ActiveCfg = Debug|Any CPU
		{F249DC29-5149-4F93-A526-2DDC2DB5EA89}.Debug|Any CPU.Build.0 = Debug|Any CPU
		{F249DC29-5149-4F93-A526-2DDC2DB5EA89}.Debug|ARM.ActiveCfg = Debug|Any CPU
		{F249DC29-5149-4F93-A526-2DDC2DB5EA89}.Debug|ARM.Build.0 = Debug|Any CPU
		{F249DC29-5149-4F93-A526-2DDC2DB5EA89}.Debug|ARM64.ActiveCfg = Debug|Any CPU
		{F249DC29-5149-4F93-A526-2DDC2DB5EA89}.Debug|ARM64.Build.0 = Debug|Any CPU
		{F249DC29-5149-4F93-A526-2DDC2DB5EA89}.Debug|x64.ActiveCfg = Debug|Any CPU
		{F249DC29-5149-4F93-A526-2DDC2DB5EA89}.Debug|x64.Build.0 = Debug|Any CPU
		{F249DC29-5149-4F93-A526-2DDC2DB5EA89}.Debug|x86.ActiveCfg = Debug|Any CPU
		{F249DC29-5149-4F93-A526-2DDC2DB5EA89}.Debug|x86.Build.0 = Debug|Any CPU
		{F249DC29-5149-4F93-A526-2DDC2DB5EA89}.Release|Any CPU.ActiveCfg = Release|Any CPU
		{F249DC29-5149-4F93-A526-2DDC2DB5EA89}.Release|Any CPU.Build.0 = Release|Any CPU
		{F249DC29-5149-4F93-A526-2DDC2DB5EA89}.Release|ARM.ActiveCfg = Release|Any CPU
		{F249DC29-5149-4F93-A526-2DDC2DB5EA89}.Release|ARM.Build.0 = Release|Any CPU
		{F249DC29-5149-4F93-A526-2DDC2DB5EA89}.Release|ARM64.ActiveCfg = Release|Any CPU
		{F249DC29-5149-4F93-A526-2DDC2DB5EA89}.Release|ARM64.Build.0 = Release|Any CPU
		{F249DC29-5149-4F93-A526-2DDC2DB5EA89}.Release|x64.ActiveCfg = Release|Any CPU
		{F249DC29-5149-4F93-A526-2DDC2DB5EA89}.Release|x64.Build.0 = Release|Any CPU
		{F249DC29-5149-4F93-A526-2DDC2DB5EA89}.Release|x86.ActiveCfg = Release|Any CPU
		{F249DC29-5149-4F93-A526-2DDC2DB5EA89}.Release|x86.Build.0 = Release|Any CPU
		{0C3A0367-ABE0-46E5-A941-468B12C91760}.Debug|Any CPU.ActiveCfg = Debug|Any CPU
		{0C3A0367-ABE0-46E5-A941-468B12C91760}.Debug|Any CPU.Build.0 = Debug|Any CPU
		{0C3A0367-ABE0-46E5-A941-468B12C91760}.Debug|ARM.ActiveCfg = Debug|Any CPU
		{0C3A0367-ABE0-46E5-A941-468B12C91760}.Debug|ARM.Build.0 = Debug|Any CPU
		{0C3A0367-ABE0-46E5-A941-468B12C91760}.Debug|ARM64.ActiveCfg = Debug|Any CPU
		{0C3A0367-ABE0-46E5-A941-468B12C91760}.Debug|ARM64.Build.0 = Debug|Any CPU
		{0C3A0367-ABE0-46E5-A941-468B12C91760}.Debug|x64.ActiveCfg = Debug|Any CPU
		{0C3A0367-ABE0-46E5-A941-468B12C91760}.Debug|x64.Build.0 = Debug|Any CPU
		{0C3A0367-ABE0-46E5-A941-468B12C91760}.Debug|x86.ActiveCfg = Debug|Any CPU
		{0C3A0367-ABE0-46E5-A941-468B12C91760}.Debug|x86.Build.0 = Debug|Any CPU
		{0C3A0367-ABE0-46E5-A941-468B12C91760}.Release|Any CPU.ActiveCfg = Release|Any CPU
		{0C3A0367-ABE0-46E5-A941-468B12C91760}.Release|Any CPU.Build.0 = Release|Any CPU
		{0C3A0367-ABE0-46E5-A941-468B12C91760}.Release|ARM.ActiveCfg = Release|Any CPU
		{0C3A0367-ABE0-46E5-A941-468B12C91760}.Release|ARM.Build.0 = Release|Any CPU
		{0C3A0367-ABE0-46E5-A941-468B12C91760}.Release|ARM64.ActiveCfg = Release|Any CPU
		{0C3A0367-ABE0-46E5-A941-468B12C91760}.Release|ARM64.Build.0 = Release|Any CPU
		{0C3A0367-ABE0-46E5-A941-468B12C91760}.Release|x64.ActiveCfg = Release|Any CPU
		{0C3A0367-ABE0-46E5-A941-468B12C91760}.Release|x64.Build.0 = Release|Any CPU
		{0C3A0367-ABE0-46E5-A941-468B12C91760}.Release|x86.ActiveCfg = Release|Any CPU
		{0C3A0367-ABE0-46E5-A941-468B12C91760}.Release|x86.Build.0 = Release|Any CPU
		{87888FFF-E344-4BDC-B379-3B581815C6C8}.Debug|Any CPU.ActiveCfg = Debug|Any CPU
		{87888FFF-E344-4BDC-B379-3B581815C6C8}.Debug|Any CPU.Build.0 = Debug|Any CPU
		{87888FFF-E344-4BDC-B379-3B581815C6C8}.Debug|ARM.ActiveCfg = Debug|Any CPU
		{87888FFF-E344-4BDC-B379-3B581815C6C8}.Debug|ARM.Build.0 = Debug|Any CPU
		{87888FFF-E344-4BDC-B379-3B581815C6C8}.Debug|ARM64.ActiveCfg = Debug|Any CPU
		{87888FFF-E344-4BDC-B379-3B581815C6C8}.Debug|ARM64.Build.0 = Debug|Any CPU
		{87888FFF-E344-4BDC-B379-3B581815C6C8}.Debug|x64.ActiveCfg = Debug|Any CPU
		{87888FFF-E344-4BDC-B379-3B581815C6C8}.Debug|x64.Build.0 = Debug|Any CPU
		{87888FFF-E344-4BDC-B379-3B581815C6C8}.Debug|x86.ActiveCfg = Debug|Any CPU
		{87888FFF-E344-4BDC-B379-3B581815C6C8}.Debug|x86.Build.0 = Debug|Any CPU
		{87888FFF-E344-4BDC-B379-3B581815C6C8}.Release|Any CPU.ActiveCfg = Release|Any CPU
		{87888FFF-E344-4BDC-B379-3B581815C6C8}.Release|Any CPU.Build.0 = Release|Any CPU
		{87888FFF-E344-4BDC-B379-3B581815C6C8}.Release|ARM.ActiveCfg = Release|Any CPU
		{87888FFF-E344-4BDC-B379-3B581815C6C8}.Release|ARM.Build.0 = Release|Any CPU
		{87888FFF-E344-4BDC-B379-3B581815C6C8}.Release|ARM64.ActiveCfg = Release|Any CPU
		{87888FFF-E344-4BDC-B379-3B581815C6C8}.Release|ARM64.Build.0 = Release|Any CPU
		{87888FFF-E344-4BDC-B379-3B581815C6C8}.Release|x64.ActiveCfg = Release|Any CPU
		{87888FFF-E344-4BDC-B379-3B581815C6C8}.Release|x64.Build.0 = Release|Any CPU
		{87888FFF-E344-4BDC-B379-3B581815C6C8}.Release|x86.ActiveCfg = Release|Any CPU
		{87888FFF-E344-4BDC-B379-3B581815C6C8}.Release|x86.Build.0 = Release|Any CPU
	EndGlobalSection
	GlobalSection(SolutionProperties) = preSolution
		HideSolutionNode = FALSE
	EndGlobalSection
	GlobalSection(ExtensibilityGlobals) = postSolution
		SolutionGuid = {B9A8C83C-2864-4A7B-BA5C-9277701C8E8D}
	EndGlobalSection
EndGlobal
