
Microsoft Visual Studio Solution File, Format Version 12.00
# Visual Studio Version 17
VisualStudioVersion = 17.5.33516.290
MinimumVisualStudioVersion = 10.0.40219.1
Project("{8BC9CEB8-8B4A-11D0-8D11-00A0C91BC942}") = "pz_001", "..\..\..\Downloads\pz_001\pz_001\pz_001.vcxproj", "{660DCF55-E20A-421F-85A6-EF784FD265E8}"
EndProject
Project("{9A19103F-16F7-4668-BE54-9A1E7A4F7556}") = "pz_002", "pz_002\pz_002.csproj", "{C28CC005-6F81-4480-8D2F-017BC2908A29}"
EndProject
Project("{9A19103F-16F7-4668-BE54-9A1E7A4F7556}") = "pz_003", "pz_003\pz_003.csproj", "{A1269268-1C56-455C-97FA-099291757266}"
EndProject
Project("{9A19103F-16F7-4668-BE54-9A1E7A4F7556}") = "pz_004", "pz_004\pz_004.csproj", "{F97C0377-8819-4002-B71A-A2E58531CC26}"
EndProject
Project("{9A19103F-16F7-4668-BE54-9A1E7A4F7556}") = "pz_005", "pz_005\pz_005.csproj", "{0FDEB5DE-9424-474C-9F08-12B30BA3A011}"
EndProject
Project("{FAE04EC0-301F-11D3-BF4B-00C04F79EFBC}") = "pz_006", "pz_006\pz_006.csproj", "{A7E315EF-8CF0-4BB0-A9D0-4F6C1BB077F7}"
EndProject
Project("{FAE04EC0-301F-11D3-BF4B-00C04F79EFBC}") = "pz_007", "pz_007\pz_007.csproj", "{CE0C2B5F-6925-4BBA-B866-1DD5D437514A}"
EndProject
Project("{9A19103F-16F7-4668-BE54-9A1E7A4F7556}") = "pz_008", "pz_008\pz_008.csproj", "{F249DC29-5149-4F93-A526-2DDC2DB5EA89}"
EndProject
Project("{9A19103F-16F7-4668-BE54-9A1E7A4F7556}") = "pz_009", "pz_009\pz_009.csproj", "{0C3A0367-ABE0-46E5-A941-468B12C91760}"
EndProject
Project("{9A19103F-16F7-4668-BE54-9A1E7A4F7556}") = "pz_010", "pz_010\pz_010.csproj", "{87888FFF-E344-4BDC-B379-3B581815C6C8}"
EndProject
Project("{9A19103F-16F7-4668-BE54-9A1E7A4F7556}") = "pz_011", "pz_011\pz_011.csproj", "{737B7149-99C8-4DFF-9904-F53A6B17E784}"
EndProject
Project("{8BC9CEB8-8B4A-11D0-8D11-00A0C91BC942}") = "pz_012Lib", "pz_012Lib\pz_012Lib.vcxproj", "{F0C2729A-F5E9-4F57-B737-08B45080F49B}"
EndProject
Project("{8BC9CEB8-8B4A-11D0-8D11-00A0C91BC942}") = "pz_012", "pz_012\pz_012.vcxproj", "{F87F19E0-12D6-4D9B-AF9D-3EA11FA71CC8}"
EndProject
Project("{8BC9CEB8-8B4A-11D0-8D11-00A0C91BC942}") = "pz_013Lib", "pz_013Lib\pz_013Lib.vcxproj", "{8873FBA4-4422-4B32-8615-19C1E54B2ACC}"
EndProject
Project("{8BC9CEB8-8B4A-11D0-8D11-00A0C91BC942}") = "pz_013", "pz_013\pz_013.vcxproj", "{D75D3AD9-7332-4C20-A537-EC57939DDD6B}"
EndProject
Project("{8BC9CEB8-8B4A-11D0-8D11-00A0C91BC942}") = "pz_014", "pz_014\pz_014.vcxproj", "{36496BCC-82FD-4EA0-A868-66F1F56CF6EF}"
EndProject
Project("{8BC9CEB8-8B4A-11D0-8D11-00A0C91BC942}") = "pz_015", "pz_015\pz_015.vcxproj", "{51D8125F-933B-4D19-BF29-9CB18222F762}"
EndProject
Project("{8BC9CEB8-8B4A-11D0-8D11-00A0C91BC942}") = "pz_016", "pz_016\pz_016.vcxproj", "{9CE708CD-F035-49BC-AC2C-CF9E2DCD99DE}"
EndProject
Project("{9A19103F-16F7-4668-BE54-9A1E7A4F7556}") = "pz_017", "pz_017\pz_017.csproj", "{BA0F3E16-2EE4-455C-A955-6D26547AA34E}"
EndProject
Project("{FAE04EC0-301F-11D3-BF4B-00C04F79EFBC}") = "pz_021", "pz_021\pz_021.csproj", "{FE35C2AA-C932-46AF-AE41-6EC45EDA3DA5}"
EndProject
Project("{FAE04EC0-301F-11D3-BF4B-00C04F79EFBC}") = "pz_018", "pz_018\pz_018.csproj", "{B2B9187A-0110-422C-8984-60D9ED5900D8}"
EndProject
Project("{FAE04EC0-301F-11D3-BF4B-00C04F79EFBC}") = "pz_019", "pz_019\pz_019.csproj", "{A7D0D5C9-EEA9-4135-B35F-68890C837126}"
EndProject
Project("{FAE04EC0-301F-11D3-BF4B-00C04F79EFBC}") = "pz_020", "pz_020\pz_020.csproj", "{25E2405A-0BB9-4CC8-BF81-EF257FEA594F}"
EndProject
Project("{FAE04EC0-301F-11D3-BF4B-00C04F79EFBC}") = "pz_023", "pz_023\pz_023.csproj", "{E30586E2-673F-4A3F-BAC2-71ED8C4D6792}"
EndProject
Global
	GlobalSection(SolutionConfigurationPlatforms) = preSolution
		Debug|Any CPU = Debug|Any CPU
		Debug|ARM = Debug|ARM
		Debug|ARM64 = Debug|ARM64
		Debug|x64 = Debug|x64
		Debug|x86 = Debug|x86
		Release|Any CPU = Release|Any CPU
		Release|ARM = Release|ARM
		Release|ARM64 = Release|ARM64
		Release|x64 = Release|x64
		Release|x86 = Release|x86
	EndGlobalSection
	GlobalSection(ProjectConfigurationPlatforms) = postSolution
		{660DCF55-E20A-421F-85A6-EF784FD265E8}.Debug|Any CPU.ActiveCfg = Debug|x64
		{660DCF55-E20A-421F-85A6-EF784FD265E8}.Debug|Any CPU.Build.0 = Debug|x64
		{660DCF55-E20A-421F-85A6-EF784FD265E8}.Debug|ARM.ActiveCfg = Debug|x64
		{660DCF55-E20A-421F-85A6-EF784FD265E8}.Debug|ARM.Build.0 = Debug|x64
		{660DCF55-E20A-421F-85A6-EF784FD265E8}.Debug|ARM64.ActiveCfg = Debug|x64
		{660DCF55-E20A-421F-85A6-EF784FD265E8}.Debug|ARM64.Build.0 = Debug|x64
		{660DCF55-E20A-421F-85A6-EF784FD265E8}.Debug|x64.ActiveCfg = Debug|x64
		{660DCF55-E20A-421F-85A6-EF784FD265E8}.Debug|x64.Build.0 = Debug|x64
		{660DCF55-E20A-421F-85A6-EF784FD265E8}.Debug|x86.ActiveCfg = Debug|Win32
		{660DCF55-E20A-421F-85A6-EF784FD265E8}.Debug|x86.Build.0 = Debug|Win32
		{660DCF55-E20A-421F-85A6-EF784FD265E8}.Release|Any CPU.ActiveCfg = Release|x64
		{660DCF55-E20A-421F-85A6-EF784FD265E8}.Release|Any CPU.Build.0 = Release|x64
		{660DCF55-E20A-421F-85A6-EF784FD265E8}.Release|ARM.ActiveCfg = Release|x64
		{660DCF55-E20A-421F-85A6-EF784FD265E8}.Release|ARM.Build.0 = Release|x64
		{660DCF55-E20A-421F-85A6-EF784FD265E8}.Release|ARM64.ActiveCfg = Release|x64
		{660DCF55-E20A-421F-85A6-EF784FD265E8}.Release|ARM64.Build.0 = Release|x64
		{660DCF55-E20A-421F-85A6-EF784FD265E8}.Release|x64.ActiveCfg = Release|x64
		{660DCF55-E20A-421F-85A6-EF784FD265E8}.Release|x64.Build.0 = Release|x64
		{660DCF55-E20A-421F-85A6-EF784FD265E8}.Release|x86.ActiveCfg = Release|Win32
		{660DCF55-E20A-421F-85A6-EF784FD265E8}.Release|x86.Build.0 = Release|Win32
		{C28CC005-6F81-4480-8D2F-017BC2908A29}.Debug|Any CPU.ActiveCfg = Debug|Any CPU
		{C28CC005-6F81-4480-8D2F-017BC2908A29}.Debug|Any CPU.Build.0 = Debug|Any CPU
		{C28CC005-6F81-4480-8D2F-017BC2908A29}.Debug|ARM.ActiveCfg = Debug|Any CPU
		{C28CC005-6F81-4480-8D2F-017BC2908A29}.Debug|ARM.Build.0 = Debug|Any CPU
		{C28CC005-6F81-4480-8D2F-017BC2908A29}.Debug|ARM64.ActiveCfg = Debug|Any CPU
		{C28CC005-6F81-4480-8D2F-017BC2908A29}.Debug|ARM64.Build.0 = Debug|Any CPU
		{C28CC005-6F81-4480-8D2F-017BC2908A29}.Debug|x64.ActiveCfg = Debug|Any CPU
		{C28CC005-6F81-4480-8D2F-017BC2908A29}.Debug|x64.Build.0 = Debug|Any CPU
		{C28CC005-6F81-4480-8D2F-017BC2908A29}.Debug|x86.ActiveCfg = Debug|Any CPU
		{C28CC005-6F81-4480-8D2F-017BC2908A29}.Debug|x86.Build.0 = Debug|Any CPU
		{C28CC005-6F81-4480-8D2F-017BC2908A29}.Release|Any CPU.ActiveCfg = Release|Any CPU
		{C28CC005-6F81-4480-8D2F-017BC2908A29}.Release|Any CPU.Build.0 = Release|Any CPU
		{C28CC005-6F81-4480-8D2F-017BC2908A29}.Release|ARM.ActiveCfg = Release|Any CPU
		{C28CC005-6F81-4480-8D2F-017BC2908A29}.Release|ARM.Build.0 = Release|Any CPU
		{C28CC005-6F81-4480-8D2F-017BC2908A29}.Release|ARM64.ActiveCfg = Release|Any CPU
		{C28CC005-6F81-4480-8D2F-017BC2908A29}.Release|ARM64.Build.0 = Release|Any CPU
		{C28CC005-6F81-4480-8D2F-017BC2908A29}.Release|x64.ActiveCfg = Release|Any CPU
		{C28CC005-6F81-4480-8D2F-017BC2908A29}.Release|x64.Build.0 = Release|Any CPU
		{C28CC005-6F81-4480-8D2F-017BC2908A29}.Release|x86.ActiveCfg = Release|Any CPU
		{C28CC005-6F81-4480-8D2F-017BC2908A29}.Release|x86.Build.0 = Release|Any CPU
		{A1269268-1C56-455C-97FA-099291757266}.Debug|Any CPU.ActiveCfg = Debug|Any CPU
		{A1269268-1C56-455C-97FA-099291757266}.Debug|Any CPU.Build.0 = Debug|Any CPU
		{A1269268-1C56-455C-97FA-099291757266}.Debug|ARM.ActiveCfg = Debug|Any CPU
		{A1269268-1C56-455C-97FA-099291757266}.Debug|ARM.Build.0 = Debug|Any CPU
		{A1269268-1C56-455C-97FA-099291757266}.Debug|ARM64.ActiveCfg = Debug|Any CPU
		{A1269268-1C56-455C-97FA-099291757266}.Debug|ARM64.Build.0 = Debug|Any CPU
		{A1269268-1C56-455C-97FA-099291757266}.Debug|x64.ActiveCfg = Debug|Any CPU
		{A1269268-1C56-455C-97FA-099291757266}.Debug|x64.Build.0 = Debug|Any CPU
		{A1269268-1C56-455C-97FA-099291757266}.Debug|x86.ActiveCfg = Debug|Any CPU
		{A1269268-1C56-455C-97FA-099291757266}.Debug|x86.Build.0 = Debug|Any CPU
		{A1269268-1C56-455C-97FA-099291757266}.Release|Any CPU.ActiveCfg = Release|Any CPU
		{A1269268-1C56-455C-97FA-099291757266}.Release|Any CPU.Build.0 = Release|Any CPU
		{A1269268-1C56-455C-97FA-099291757266}.Release|ARM.ActiveCfg = Release|Any CPU
		{A1269268-1C56-455C-97FA-099291757266}.Release|ARM.Build.0 = Release|Any CPU
		{A1269268-1C56-455C-97FA-099291757266}.Release|ARM64.ActiveCfg = Release|Any CPU
		{A1269268-1C56-455C-97FA-099291757266}.Release|ARM64.Build.0 = Release|Any CPU
		{A1269268-1C56-455C-97FA-099291757266}.Release|x64.ActiveCfg = Release|Any CPU
		{A1269268-1C56-455C-97FA-099291757266}.Release|x64.Build.0 = Release|Any CPU
		{A1269268-1C56-455C-97FA-099291757266}.Release|x86.ActiveCfg = Release|Any CPU
		{A1269268-1C56-455C-97FA-099291757266}.Release|x86.Build.0 = Release|Any CPU
		{F97C0377-8819-4002-B71A-A2E58531CC26}.Debug|Any CPU.ActiveCfg = Debug|Any CPU
		{F97C0377-8819-4002-B71A-A2E58531CC26}.Debug|Any CPU.Build.0 = Debug|Any CPU
		{F97C0377-8819-4002-B71A-A2E58531CC26}.Debug|ARM.ActiveCfg = Debug|Any CPU
		{F97C0377-8819-4002-B71A-A2E58531CC26}.Debug|ARM.Build.0 = Debug|Any CPU
		{F97C0377-8819-4002-B71A-A2E58531CC26}.Debug|ARM64.ActiveCfg = Debug|Any CPU
		{F97C0377-8819-4002-B71A-A2E58531CC26}.Debug|ARM64.Build.0 = Debug|Any CPU
		{F97C0377-8819-4002-B71A-A2E58531CC26}.Debug|x64.ActiveCfg = Debug|Any CPU
		{F97C0377-8819-4002-B71A-A2E58531CC26}.Debug|x64.Build.0 = Debug|Any CPU
		{F97C0377-8819-4002-B71A-A2E58531CC26}.Debug|x86.ActiveCfg = Debug|Any CPU
		{F97C0377-8819-4002-B71A-A2E58531CC26}.Debug|x86.Build.0 = Debug|Any CPU
		{F97C0377-8819-4002-B71A-A2E58531CC26}.Release|Any CPU.ActiveCfg = Release|Any CPU
		{F97C0377-8819-4002-B71A-A2E58531CC26}.Release|Any CPU.Build.0 = Release|Any CPU
		{F97C0377-8819-4002-B71A-A2E58531CC26}.Release|ARM.ActiveCfg = Release|Any CPU
		{F97C0377-8819-4002-B71A-A2E58531CC26}.Release|ARM.Build.0 = Release|Any CPU
		{F97C0377-8819-4002-B71A-A2E58531CC26}.Release|ARM64.ActiveCfg = Release|Any CPU
		{F97C0377-8819-4002-B71A-A2E58531CC26}.Release|ARM64.Build.0 = Release|Any CPU
		{F97C0377-8819-4002-B71A-A2E58531CC26}.Release|x64.ActiveCfg = Release|Any CPU
		{F97C0377-8819-4002-B71A-A2E58531CC26}.Release|x64.Build.0 = Release|Any CPU
		{F97C0377-8819-4002-B71A-A2E58531CC26}.Release|x86.ActiveCfg = Release|Any CPU
		{F97C0377-8819-4002-B71A-A2E58531CC26}.Release|x86.Build.0 = Release|Any CPU
		{0FDEB5DE-9424-474C-9F08-12B30BA3A011}.Debug|Any CPU.ActiveCfg = Debug|Any CPU
		{0FDEB5DE-9424-474C-9F08-12B30BA3A011}.Debug|Any CPU.Build.0 = Debug|Any CPU
		{0FDEB5DE-9424-474C-9F08-12B30BA3A011}.Debug|ARM.ActiveCfg = Debug|Any CPU
		{0FDEB5DE-9424-474C-9F08-12B30BA3A011}.Debug|ARM.Build.0 = Debug|Any CPU
		{0FDEB5DE-9424-474C-9F08-12B30BA3A011}.Debug|ARM64.ActiveCfg = Debug|Any CPU
		{0FDEB5DE-9424-474C-9F08-12B30BA3A011}.Debug|ARM64.Build.0 = Debug|Any CPU
		{0FDEB5DE-9424-474C-9F08-12B30BA3A011}.Debug|x64.ActiveCfg = Debug|Any CPU
		{0FDEB5DE-9424-474C-9F08-12B30BA3A011}.Debug|x64.Build.0 = Debug|Any CPU
		{0FDEB5DE-9424-474C-9F08-12B30BA3A011}.Debug|x86.ActiveCfg = Debug|Any CPU
		{0FDEB5DE-9424-474C-9F08-12B30BA3A011}.Debug|x86.Build.0 = Debug|Any CPU
		{0FDEB5DE-9424-474C-9F08-12B30BA3A011}.Release|Any CPU.ActiveCfg = Release|Any CPU
		{0FDEB5DE-9424-474C-9F08-12B30BA3A011}.Release|Any CPU.Build.0 = Release|Any CPU
		{0FDEB5DE-9424-474C-9F08-12B30BA3A011}.Release|ARM.ActiveCfg = Release|Any CPU
		{0FDEB5DE-9424-474C-9F08-12B30BA3A011}.Release|ARM.Build.0 = Release|Any CPU
		{0FDEB5DE-9424-474C-9F08-12B30BA3A011}.Release|ARM64.ActiveCfg = Release|Any CPU
		{0FDEB5DE-9424-474C-9F08-12B30BA3A011}.Release|ARM64.Build.0 = Release|Any CPU
		{0FDEB5DE-9424-474C-9F08-12B30BA3A011}.Release|x64.ActiveCfg = Release|Any CPU
		{0FDEB5DE-9424-474C-9F08-12B30BA3A011}.Release|x64.Build.0 = Release|Any CPU
		{0FDEB5DE-9424-474C-9F08-12B30BA3A011}.Release|x86.ActiveCfg = Release|Any CPU
		{0FDEB5DE-9424-474C-9F08-12B30BA3A011}.Release|x86.Build.0 = Release|Any CPU
		{A7E315EF-8CF0-4BB0-A9D0-4F6C1BB077F7}.Debug|Any CPU.ActiveCfg = Debug|x64
		{A7E315EF-8CF0-4BB0-A9D0-4F6C1BB077F7}.Debug|Any CPU.Build.0 = Debug|x64
		{A7E315EF-8CF0-4BB0-A9D0-4F6C1BB077F7}.Debug|Any CPU.Deploy.0 = Debug|x64
		{A7E315EF-8CF0-4BB0-A9D0-4F6C1BB077F7}.Debug|ARM.ActiveCfg = Debug|ARM
		{A7E315EF-8CF0-4BB0-A9D0-4F6C1BB077F7}.Debug|ARM.Build.0 = Debug|ARM
		{A7E315EF-8CF0-4BB0-A9D0-4F6C1BB077F7}.Debug|ARM.Deploy.0 = Debug|ARM
		{A7E315EF-8CF0-4BB0-A9D0-4F6C1BB077F7}.Debug|ARM64.ActiveCfg = Debug|ARM64
		{A7E315EF-8CF0-4BB0-A9D0-4F6C1BB077F7}.Debug|ARM64.Build.0 = Debug|ARM64
		{A7E315EF-8CF0-4BB0-A9D0-4F6C1BB077F7}.Debug|ARM64.Deploy.0 = Debug|ARM64
		{A7E315EF-8CF0-4BB0-A9D0-4F6C1BB077F7}.Debug|x64.ActiveCfg = Debug|x64
		{A7E315EF-8CF0-4BB0-A9D0-4F6C1BB077F7}.Debug|x64.Build.0 = Debug|x64
		{A7E315EF-8CF0-4BB0-A9D0-4F6C1BB077F7}.Debug|x64.Deploy.0 = Debug|x64
		{A7E315EF-8CF0-4BB0-A9D0-4F6C1BB077F7}.Debug|x86.ActiveCfg = Debug|x86
		{A7E315EF-8CF0-4BB0-A9D0-4F6C1BB077F7}.Debug|x86.Build.0 = Debug|x86
		{A7E315EF-8CF0-4BB0-A9D0-4F6C1BB077F7}.Debug|x86.Deploy.0 = Debug|x86
		{A7E315EF-8CF0-4BB0-A9D0-4F6C1BB077F7}.Release|Any CPU.ActiveCfg = Release|x64
		{A7E315EF-8CF0-4BB0-A9D0-4F6C1BB077F7}.Release|Any CPU.Build.0 = Release|x64
		{A7E315EF-8CF0-4BB0-A9D0-4F6C1BB077F7}.Release|Any CPU.Deploy.0 = Release|x64
		{A7E315EF-8CF0-4BB0-A9D0-4F6C1BB077F7}.Release|ARM.ActiveCfg = Release|ARM
		{A7E315EF-8CF0-4BB0-A9D0-4F6C1BB077F7}.Release|ARM.Build.0 = Release|ARM
		{A7E315EF-8CF0-4BB0-A9D0-4F6C1BB077F7}.Release|ARM.Deploy.0 = Release|ARM
		{A7E315EF-8CF0-4BB0-A9D0-4F6C1BB077F7}.Release|ARM64.ActiveCfg = Release|ARM64
		{A7E315EF-8CF0-4BB0-A9D0-4F6C1BB077F7}.Release|ARM64.Build.0 = Release|ARM64
		{A7E315EF-8CF0-4BB0-A9D0-4F6C1BB077F7}.Release|ARM64.Deploy.0 = Release|ARM64
		{A7E315EF-8CF0-4BB0-A9D0-4F6C1BB077F7}.Release|x64.ActiveCfg = Release|x64
		{A7E315EF-8CF0-4BB0-A9D0-4F6C1BB077F7}.Release|x64.Build.0 = Release|x64
		{A7E315EF-8CF0-4BB0-A9D0-4F6C1BB077F7}.Release|x64.Deploy.0 = Release|x64
		{A7E315EF-8CF0-4BB0-A9D0-4F6C1BB077F7}.Release|x86.ActiveCfg = Release|x86
		{A7E315EF-8CF0-4BB0-A9D0-4F6C1BB077F7}.Release|x86.Build.0 = Release|x86
		{A7E315EF-8CF0-4BB0-A9D0-4F6C1BB077F7}.Release|x86.Deploy.0 = Release|x86
		{CE0C2B5F-6925-4BBA-B866-1DD5D437514A}.Debug|Any CPU.ActiveCfg = Debug|x64
		{CE0C2B5F-6925-4BBA-B866-1DD5D437514A}.Debug|Any CPU.Build.0 = Debug|x64
		{CE0C2B5F-6925-4BBA-B866-1DD5D437514A}.Debug|Any CPU.Deploy.0 = Debug|x64
		{CE0C2B5F-6925-4BBA-B866-1DD5D437514A}.Debug|ARM.ActiveCfg = Debug|ARM
		{CE0C2B5F-6925-4BBA-B866-1DD5D437514A}.Debug|ARM.Build.0 = Debug|ARM
		{CE0C2B5F-6925-4BBA-B866-1DD5D437514A}.Debug|ARM.Deploy.0 = Debug|ARM
		{CE0C2B5F-6925-4BBA-B866-1DD5D437514A}.Debug|ARM64.ActiveCfg = Debug|ARM64
		{CE0C2B5F-6925-4BBA-B866-1DD5D437514A}.Debug|ARM64.Build.0 = Debug|ARM64
		{CE0C2B5F-6925-4BBA-B866-1DD5D437514A}.Debug|ARM64.Deploy.0 = Debug|ARM64
		{CE0C2B5F-6925-4BBA-B866-1DD5D437514A}.Debug|x64.ActiveCfg = Debug|x64
		{CE0C2B5F-6925-4BBA-B866-1DD5D437514A}.Debug|x64.Build.0 = Debug|x64
		{CE0C2B5F-6925-4BBA-B866-1DD5D437514A}.Debug|x64.Deploy.0 = Debug|x64
		{CE0C2B5F-6925-4BBA-B866-1DD5D437514A}.Debug|x86.ActiveCfg = Debug|x86
		{CE0C2B5F-6925-4BBA-B866-1DD5D437514A}.Debug|x86.Build.0 = Debug|x86
		{CE0C2B5F-6925-4BBA-B866-1DD5D437514A}.Debug|x86.Deploy.0 = Debug|x86
		{CE0C2B5F-6925-4BBA-B866-1DD5D437514A}.Release|Any CPU.ActiveCfg = Release|x64
		{CE0C2B5F-6925-4BBA-B866-1DD5D437514A}.Release|Any CPU.Build.0 = Release|x64
		{CE0C2B5F-6925-4BBA-B866-1DD5D437514A}.Release|Any CPU.Deploy.0 = Release|x64
		{CE0C2B5F-6925-4BBA-B866-1DD5D437514A}.Release|ARM.ActiveCfg = Release|ARM
		{CE0C2B5F-6925-4BBA-B866-1DD5D437514A}.Release|ARM.Build.0 = Release|ARM
		{CE0C2B5F-6925-4BBA-B866-1DD5D437514A}.Release|ARM.Deploy.0 = Release|ARM
		{CE0C2B5F-6925-4BBA-B866-1DD5D437514A}.Release|ARM64.ActiveCfg = Release|ARM64
		{CE0C2B5F-6925-4BBA-B866-1DD5D437514A}.Release|ARM64.Build.0 = Release|ARM64
		{CE0C2B5F-6925-4BBA-B866-1DD5D437514A}.Release|ARM64.Deploy.0 = Release|ARM64
		{CE0C2B5F-6925-4BBA-B866-1DD5D437514A}.Release|x64.ActiveCfg = Release|x64
		{CE0C2B5F-6925-4BBA-B866-1DD5D437514A}.Release|x64.Build.0 = Release|x64
		{CE0C2B5F-6925-4BBA-B866-1DD5D437514A}.Release|x64.Deploy.0 = Release|x64
		{CE0C2B5F-6925-4BBA-B866-1DD5D437514A}.Release|x86.ActiveCfg = Release|x86
		{CE0C2B5F-6925-4BBA-B866-1DD5D437514A}.Release|x86.Build.0 = Release|x86
		{CE0C2B5F-6925-4BBA-B866-1DD5D437514A}.Release|x86.Deploy.0 = Release|x86
		{F249DC29-5149-4F93-A526-2DDC2DB5EA89}.Debug|Any CPU.ActiveCfg = Debug|Any CPU
		{F249DC29-5149-4F93-A526-2DDC2DB5EA89}.Debug|Any CPU.Build.0 = Debug|Any CPU
		{F249DC29-5149-4F93-A526-2DDC2DB5EA89}.Debug|ARM.ActiveCfg = Debug|Any CPU
		{F249DC29-5149-4F93-A526-2DDC2DB5EA89}.Debug|ARM.Build.0 = Debug|Any CPU
		{F249DC29-5149-4F93-A526-2DDC2DB5EA89}.Debug|ARM64.ActiveCfg = Debug|Any CPU
		{F249DC29-5149-4F93-A526-2DDC2DB5EA89}.Debug|ARM64.Build.0 = Debug|Any CPU
		{F249DC29-5149-4F93-A526-2DDC2DB5EA89}.Debug|x64.ActiveCfg = Debug|Any CPU
		{F249DC29-5149-4F93-A526-2DDC2DB5EA89}.Debug|x64.Build.0 = Debug|Any CPU
		{F249DC29-5149-4F93-A526-2DDC2DB5EA89}.Debug|x86.ActiveCfg = Debug|Any CPU
		{F249DC29-5149-4F93-A526-2DDC2DB5EA89}.Debug|x86.Build.0 = Debug|Any CPU
		{F249DC29-5149-4F93-A526-2DDC2DB5EA89}.Release|Any CPU.ActiveCfg = Release|Any CPU
		{F249DC29-5149-4F93-A526-2DDC2DB5EA89}.Release|Any CPU.Build.0 = Release|Any CPU
		{F249DC29-5149-4F93-A526-2DDC2DB5EA89}.Release|ARM.ActiveCfg = Release|Any CPU
		{F249DC29-5149-4F93-A526-2DDC2DB5EA89}.Release|ARM.Build.0 = Release|Any CPU
		{F249DC29-5149-4F93-A526-2DDC2DB5EA89}.Release|ARM64.ActiveCfg = Release|Any CPU
		{F249DC29-5149-4F93-A526-2DDC2DB5EA89}.Release|ARM64.Build.0 = Release|Any CPU
		{F249DC29-5149-4F93-A526-2DDC2DB5EA89}.Release|x64.ActiveCfg = Release|Any CPU
		{F249DC29-5149-4F93-A526-2DDC2DB5EA89}.Release|x64.Build.0 = Release|Any CPU
		{F249DC29-5149-4F93-A526-2DDC2DB5EA89}.Release|x86.ActiveCfg = Release|Any CPU
		{F249DC29-5149-4F93-A526-2DDC2DB5EA89}.Release|x86.Build.0 = Release|Any CPU
		{0C3A0367-ABE0-46E5-A941-468B12C91760}.Debug|Any CPU.ActiveCfg = Debug|Any CPU
		{0C3A0367-ABE0-46E5-A941-468B12C91760}.Debug|Any CPU.Build.0 = Debug|Any CPU
		{0C3A0367-ABE0-46E5-A941-468B12C91760}.Debug|ARM.ActiveCfg = Debug|Any CPU
		{0C3A0367-ABE0-46E5-A941-468B12C91760}.Debug|ARM.Build.0 = Debug|Any CPU
		{0C3A0367-ABE0-46E5-A941-468B12C91760}.Debug|ARM64.ActiveCfg = Debug|Any CPU
		{0C3A0367-ABE0-46E5-A941-468B12C91760}.Debug|ARM64.Build.0 = Debug|Any CPU
		{0C3A0367-ABE0-46E5-A941-468B12C91760}.Debug|x64.ActiveCfg = Debug|Any CPU
		{0C3A0367-ABE0-46E5-A941-468B12C91760}.Debug|x64.Build.0 = Debug|Any CPU
		{0C3A0367-ABE0-46E5-A941-468B12C91760}.Debug|x86.ActiveCfg = Debug|Any CPU
		{0C3A0367-ABE0-46E5-A941-468B12C91760}.Debug|x86.Build.0 = Debug|Any CPU
		{0C3A0367-ABE0-46E5-A941-468B12C91760}.Release|Any CPU.ActiveCfg = Release|Any CPU
		{0C3A0367-ABE0-46E5-A941-468B12C91760}.Release|Any CPU.Build.0 = Release|Any CPU
		{0C3A0367-ABE0-46E5-A941-468B12C91760}.Release|ARM.ActiveCfg = Release|Any CPU
		{0C3A0367-ABE0-46E5-A941-468B12C91760}.Release|ARM.Build.0 = Release|Any CPU
		{0C3A0367-ABE0-46E5-A941-468B12C91760}.Release|ARM64.ActiveCfg = Release|Any CPU
		{0C3A0367-ABE0-46E5-A941-468B12C91760}.Release|ARM64.Build.0 = Release|Any CPU
		{0C3A0367-ABE0-46E5-A941-468B12C91760}.Release|x64.ActiveCfg = Release|Any CPU
		{0C3A0367-ABE0-46E5-A941-468B12C91760}.Release|x64.Build.0 = Release|Any CPU
		{0C3A0367-ABE0-46E5-A941-468B12C91760}.Release|x86.ActiveCfg = Release|Any CPU
		{0C3A0367-ABE0-46E5-A941-468B12C91760}.Release|x86.Build.0 = Release|Any CPU
		{87888FFF-E344-4BDC-B379-3B581815C6C8}.Debug|Any CPU.ActiveCfg = Debug|Any CPU
		{87888FFF-E344-4BDC-B379-3B581815C6C8}.Debug|Any CPU.Build.0 = Debug|Any CPU
		{87888FFF-E344-4BDC-B379-3B581815C6C8}.Debug|ARM.ActiveCfg = Debug|Any CPU
		{87888FFF-E344-4BDC-B379-3B581815C6C8}.Debug|ARM.Build.0 = Debug|Any CPU
		{87888FFF-E344-4BDC-B379-3B581815C6C8}.Debug|ARM64.ActiveCfg = Debug|Any CPU
		{87888FFF-E344-4BDC-B379-3B581815C6C8}.Debug|ARM64.Build.0 = Debug|Any CPU
		{87888FFF-E344-4BDC-B379-3B581815C6C8}.Debug|x64.ActiveCfg = Debug|Any CPU
		{87888FFF-E344-4BDC-B379-3B581815C6C8}.Debug|x64.Build.0 = Debug|Any CPU
		{87888FFF-E344-4BDC-B379-3B581815C6C8}.Debug|x86.ActiveCfg = Debug|Any CPU
		{87888FFF-E344-4BDC-B379-3B581815C6C8}.Debug|x86.Build.0 = Debug|Any CPU
		{87888FFF-E344-4BDC-B379-3B581815C6C8}.Release|Any CPU.ActiveCfg = Release|Any CPU
		{87888FFF-E344-4BDC-B379-3B581815C6C8}.Release|Any CPU.Build.0 = Release|Any CPU
		{87888FFF-E344-4BDC-B379-3B581815C6C8}.Release|ARM.ActiveCfg = Release|Any CPU
		{87888FFF-E344-4BDC-B379-3B581815C6C8}.Release|ARM.Build.0 = Release|Any CPU
		{87888FFF-E344-4BDC-B379-3B581815C6C8}.Release|ARM64.ActiveCfg = Release|Any CPU
		{87888FFF-E344-4BDC-B379-3B581815C6C8}.Release|ARM64.Build.0 = Release|Any CPU
		{87888FFF-E344-4BDC-B379-3B581815C6C8}.Release|x64.ActiveCfg = Release|Any CPU
		{87888FFF-E344-4BDC-B379-3B581815C6C8}.Release|x64.Build.0 = Release|Any CPU
		{87888FFF-E344-4BDC-B379-3B581815C6C8}.Release|x86.ActiveCfg = Release|Any CPU
		{87888FFF-E344-4BDC-B379-3B581815C6C8}.Release|x86.Build.0 = Release|Any CPU
		{737B7149-99C8-4DFF-9904-F53A6B17E784}.Debug|Any CPU.ActiveCfg = Debug|Any CPU
		{737B7149-99C8-4DFF-9904-F53A6B17E784}.Debug|Any CPU.Build.0 = Debug|Any CPU
		{737B7149-99C8-4DFF-9904-F53A6B17E784}.Debug|ARM.ActiveCfg = Debug|Any CPU
		{737B7149-99C8-4DFF-9904-F53A6B17E784}.Debug|ARM.Build.0 = Debug|Any CPU
		{737B7149-99C8-4DFF-9904-F53A6B17E784}.Debug|ARM64.ActiveCfg = Debug|Any CPU
		{737B7149-99C8-4DFF-9904-F53A6B17E784}.Debug|ARM64.Build.0 = Debug|Any CPU
		{737B7149-99C8-4DFF-9904-F53A6B17E784}.Debug|x64.ActiveCfg = Debug|Any CPU
		{737B7149-99C8-4DFF-9904-F53A6B17E784}.Debug|x64.Build.0 = Debug|Any CPU
		{737B7149-99C8-4DFF-9904-F53A6B17E784}.Debug|x86.ActiveCfg = Debug|Any CPU
		{737B7149-99C8-4DFF-9904-F53A6B17E784}.Debug|x86.Build.0 = Debug|Any CPU
		{737B7149-99C8-4DFF-9904-F53A6B17E784}.Release|Any CPU.ActiveCfg = Release|Any CPU
		{737B7149-99C8-4DFF-9904-F53A6B17E784}.Release|Any CPU.Build.0 = Release|Any CPU
		{737B7149-99C8-4DFF-9904-F53A6B17E784}.Release|ARM.ActiveCfg = Release|Any CPU
		{737B7149-99C8-4DFF-9904-F53A6B17E784}.Release|ARM.Build.0 = Release|Any CPU
		{737B7149-99C8-4DFF-9904-F53A6B17E784}.Release|ARM64.ActiveCfg = Release|Any CPU
		{737B7149-99C8-4DFF-9904-F53A6B17E784}.Release|ARM64.Build.0 = Release|Any CPU
		{737B7149-99C8-4DFF-9904-F53A6B17E784}.Release|x64.ActiveCfg = Release|Any CPU
		{737B7149-99C8-4DFF-9904-F53A6B17E784}.Release|x64.Build.0 = Release|Any CPU
		{737B7149-99C8-4DFF-9904-F53A6B17E784}.Release|x86.ActiveCfg = Release|Any CPU
		{737B7149-99C8-4DFF-9904-F53A6B17E784}.Release|x86.Build.0 = Release|Any CPU
		{F0C2729A-F5E9-4F57-B737-08B45080F49B}.Debug|Any CPU.ActiveCfg = Debug|x64
		{F0C2729A-F5E9-4F57-B737-08B45080F49B}.Debug|Any CPU.Build.0 = Debug|x64
		{F0C2729A-F5E9-4F57-B737-08B45080F49B}.Debug|ARM.ActiveCfg = Debug|x64
		{F0C2729A-F5E9-4F57-B737-08B45080F49B}.Debug|ARM.Build.0 = Debug|x64
		{F0C2729A-F5E9-4F57-B737-08B45080F49B}.Debug|ARM64.ActiveCfg = Debug|x64
		{F0C2729A-F5E9-4F57-B737-08B45080F49B}.Debug|ARM64.Build.0 = Debug|x64
		{F0C2729A-F5E9-4F57-B737-08B45080F49B}.Debug|x64.ActiveCfg = Debug|x64
		{F0C2729A-F5E9-4F57-B737-08B45080F49B}.Debug|x64.Build.0 = Debug|x64
		{F0C2729A-F5E9-4F57-B737-08B45080F49B}.Debug|x86.ActiveCfg = Debug|Win32
		{F0C2729A-F5E9-4F57-B737-08B45080F49B}.Debug|x86.Build.0 = Debug|Win32
		{F0C2729A-F5E9-4F57-B737-08B45080F49B}.Release|Any CPU.ActiveCfg = Release|x64
		{F0C2729A-F5E9-4F57-B737-08B45080F49B}.Release|Any CPU.Build.0 = Release|x64
		{F0C2729A-F5E9-4F57-B737-08B45080F49B}.Release|ARM.ActiveCfg = Release|x64
		{F0C2729A-F5E9-4F57-B737-08B45080F49B}.Release|ARM.Build.0 = Release|x64
		{F0C2729A-F5E9-4F57-B737-08B45080F49B}.Release|ARM64.ActiveCfg = Release|x64
		{F0C2729A-F5E9-4F57-B737-08B45080F49B}.Release|ARM64.Build.0 = Release|x64
		{F0C2729A-F5E9-4F57-B737-08B45080F49B}.Release|x64.ActiveCfg = Release|x64
		{F0C2729A-F5E9-4F57-B737-08B45080F49B}.Release|x64.Build.0 = Release|x64
		{F0C2729A-F5E9-4F57-B737-08B45080F49B}.Release|x86.ActiveCfg = Release|Win32
		{F0C2729A-F5E9-4F57-B737-08B45080F49B}.Release|x86.Build.0 = Release|Win32
		{F87F19E0-12D6-4D9B-AF9D-3EA11FA71CC8}.Debug|Any CPU.ActiveCfg = Debug|x64
		{F87F19E0-12D6-4D9B-AF9D-3EA11FA71CC8}.Debug|Any CPU.Build.0 = Debug|x64
		{F87F19E0-12D6-4D9B-AF9D-3EA11FA71CC8}.Debug|ARM.ActiveCfg = Debug|x64
		{F87F19E0-12D6-4D9B-AF9D-3EA11FA71CC8}.Debug|ARM.Build.0 = Debug|x64
		{F87F19E0-12D6-4D9B-AF9D-3EA11FA71CC8}.Debug|ARM64.ActiveCfg = Debug|x64
		{F87F19E0-12D6-4D9B-AF9D-3EA11FA71CC8}.Debug|ARM64.Build.0 = Debug|x64
		{F87F19E0-12D6-4D9B-AF9D-3EA11FA71CC8}.Debug|x64.ActiveCfg = Debug|x64
		{F87F19E0-12D6-4D9B-AF9D-3EA11FA71CC8}.Debug|x64.Build.0 = Debug|x64
		{F87F19E0-12D6-4D9B-AF9D-3EA11FA71CC8}.Debug|x86.ActiveCfg = Debug|Win32
		{F87F19E0-12D6-4D9B-AF9D-3EA11FA71CC8}.Debug|x86.Build.0 = Debug|Win32
		{F87F19E0-12D6-4D9B-AF9D-3EA11FA71CC8}.Release|Any CPU.ActiveCfg = Release|x64
		{F87F19E0-12D6-4D9B-AF9D-3EA11FA71CC8}.Release|Any CPU.Build.0 = Release|x64
		{F87F19E0-12D6-4D9B-AF9D-3EA11FA71CC8}.Release|ARM.ActiveCfg = Release|x64
		{F87F19E0-12D6-4D9B-AF9D-3EA11FA71CC8}.Release|ARM.Build.0 = Release|x64
		{F87F19E0-12D6-4D9B-AF9D-3EA11FA71CC8}.Release|ARM64.ActiveCfg = Release|x64
		{F87F19E0-12D6-4D9B-AF9D-3EA11FA71CC8}.Release|ARM64.Build.0 = Release|x64
		{F87F19E0-12D6-4D9B-AF9D-3EA11FA71CC8}.Release|x64.ActiveCfg = Release|x64
		{F87F19E0-12D6-4D9B-AF9D-3EA11FA71CC8}.Release|x64.Build.0 = Release|x64
		{F87F19E0-12D6-4D9B-AF9D-3EA11FA71CC8}.Release|x86.ActiveCfg = Release|Win32
		{F87F19E0-12D6-4D9B-AF9D-3EA11FA71CC8}.Release|x86.Build.0 = Release|Win32
		{8873FBA4-4422-4B32-8615-19C1E54B2ACC}.Debug|Any CPU.ActiveCfg = Debug|x64
		{8873FBA4-4422-4B32-8615-19C1E54B2ACC}.Debug|Any CPU.Build.0 = Debug|x64
		{8873FBA4-4422-4B32-8615-19C1E54B2ACC}.Debug|ARM.ActiveCfg = Debug|x64
		{8873FBA4-4422-4B32-8615-19C1E54B2ACC}.Debug|ARM.Build.0 = Debug|x64
		{8873FBA4-4422-4B32-8615-19C1E54B2ACC}.Debug|ARM64.ActiveCfg = Debug|x64
		{8873FBA4-4422-4B32-8615-19C1E54B2ACC}.Debug|ARM64.Build.0 = Debug|x64
		{8873FBA4-4422-4B32-8615-19C1E54B2ACC}.Debug|x64.ActiveCfg = Debug|x64
		{8873FBA4-4422-4B32-8615-19C1E54B2ACC}.Debug|x64.Build.0 = Debug|x64
		{8873FBA4-4422-4B32-8615-19C1E54B2ACC}.Debug|x86.ActiveCfg = Debug|Win32
		{8873FBA4-4422-4B32-8615-19C1E54B2ACC}.Debug|x86.Build.0 = Debug|Win32
		{8873FBA4-4422-4B32-8615-19C1E54B2ACC}.Release|Any CPU.ActiveCfg = Release|x64
		{8873FBA4-4422-4B32-8615-19C1E54B2ACC}.Release|Any CPU.Build.0 = Release|x64
		{8873FBA4-4422-4B32-8615-19C1E54B2ACC}.Release|ARM.ActiveCfg = Release|x64
		{8873FBA4-4422-4B32-8615-19C1E54B2ACC}.Release|ARM.Build.0 = Release|x64
		{8873FBA4-4422-4B32-8615-19C1E54B2ACC}.Release|ARM64.ActiveCfg = Release|x64
		{8873FBA4-4422-4B32-8615-19C1E54B2ACC}.Release|ARM64.Build.0 = Release|x64
		{8873FBA4-4422-4B32-8615-19C1E54B2ACC}.Release|x64.ActiveCfg = Release|x64
		{8873FBA4-4422-4B32-8615-19C1E54B2ACC}.Release|x64.Build.0 = Release|x64
		{8873FBA4-4422-4B32-8615-19C1E54B2ACC}.Release|x86.ActiveCfg = Release|Win32
		{8873FBA4-4422-4B32-8615-19C1E54B2ACC}.Release|x86.Build.0 = Release|Win32
		{D75D3AD9-7332-4C20-A537-EC57939DDD6B}.Debug|Any CPU.ActiveCfg = Debug|x64
		{D75D3AD9-7332-4C20-A537-EC57939DDD6B}.Debug|Any CPU.Build.0 = Debug|x64
		{D75D3AD9-7332-4C20-A537-EC57939DDD6B}.Debug|ARM.ActiveCfg = Debug|x64
		{D75D3AD9-7332-4C20-A537-EC57939DDD6B}.Debug|ARM.Build.0 = Debug|x64
		{D75D3AD9-7332-4C20-A537-EC57939DDD6B}.Debug|ARM64.ActiveCfg = Debug|x64
		{D75D3AD9-7332-4C20-A537-EC57939DDD6B}.Debug|ARM64.Build.0 = Debug|x64
		{D75D3AD9-7332-4C20-A537-EC57939DDD6B}.Debug|x64.ActiveCfg = Debug|x64
		{D75D3AD9-7332-4C20-A537-EC57939DDD6B}.Debug|x64.Build.0 = Debug|x64
		{D75D3AD9-7332-4C20-A537-EC57939DDD6B}.Debug|x86.ActiveCfg = Debug|Win32
		{D75D3AD9-7332-4C20-A537-EC57939DDD6B}.Debug|x86.Build.0 = Debug|Win32
		{D75D3AD9-7332-4C20-A537-EC57939DDD6B}.Release|Any CPU.ActiveCfg = Release|x64
		{D75D3AD9-7332-4C20-A537-EC57939DDD6B}.Release|Any CPU.Build.0 = Release|x64
		{D75D3AD9-7332-4C20-A537-EC57939DDD6B}.Release|ARM.ActiveCfg = Release|x64
		{D75D3AD9-7332-4C20-A537-EC57939DDD6B}.Release|ARM.Build.0 = Release|x64
		{D75D3AD9-7332-4C20-A537-EC57939DDD6B}.Release|ARM64.ActiveCfg = Release|x64
		{D75D3AD9-7332-4C20-A537-EC57939DDD6B}.Release|ARM64.Build.0 = Release|x64
		{D75D3AD9-7332-4C20-A537-EC57939DDD6B}.Release|x64.ActiveCfg = Release|x64
		{D75D3AD9-7332-4C20-A537-EC57939DDD6B}.Release|x64.Build.0 = Release|x64
		{D75D3AD9-7332-4C20-A537-EC57939DDD6B}.Release|x86.ActiveCfg = Release|Win32
		{D75D3AD9-7332-4C20-A537-EC57939DDD6B}.Release|x86.Build.0 = Release|Win32
		{36496BCC-82FD-4EA0-A868-66F1F56CF6EF}.Debug|Any CPU.ActiveCfg = Debug|x64
		{36496BCC-82FD-4EA0-A868-66F1F56CF6EF}.Debug|Any CPU.Build.0 = Debug|x64
		{36496BCC-82FD-4EA0-A868-66F1F56CF6EF}.Debug|ARM.ActiveCfg = Debug|x64
		{36496BCC-82FD-4EA0-A868-66F1F56CF6EF}.Debug|ARM.Build.0 = Debug|x64
		{36496BCC-82FD-4EA0-A868-66F1F56CF6EF}.Debug|ARM64.ActiveCfg = Debug|x64
		{36496BCC-82FD-4EA0-A868-66F1F56CF6EF}.Debug|ARM64.Build.0 = Debug|x64
		{36496BCC-82FD-4EA0-A868-66F1F56CF6EF}.Debug|x64.ActiveCfg = Debug|x64
		{36496BCC-82FD-4EA0-A868-66F1F56CF6EF}.Debug|x64.Build.0 = Debug|x64
		{36496BCC-82FD-4EA0-A868-66F1F56CF6EF}.Debug|x86.ActiveCfg = Debug|Win32
		{36496BCC-82FD-4EA0-A868-66F1F56CF6EF}.Debug|x86.Build.0 = Debug|Win32
		{36496BCC-82FD-4EA0-A868-66F1F56CF6EF}.Release|Any CPU.ActiveCfg = Release|x64
		{36496BCC-82FD-4EA0-A868-66F1F56CF6EF}.Release|Any CPU.Build.0 = Release|x64
		{36496BCC-82FD-4EA0-A868-66F1F56CF6EF}.Release|ARM.ActiveCfg = Release|x64
		{36496BCC-82FD-4EA0-A868-66F1F56CF6EF}.Release|ARM.Build.0 = Release|x64
		{36496BCC-82FD-4EA0-A868-66F1F56CF6EF}.Release|ARM64.ActiveCfg = Release|x64
		{36496BCC-82FD-4EA0-A868-66F1F56CF6EF}.Release|ARM64.Build.0 = Release|x64
		{36496BCC-82FD-4EA0-A868-66F1F56CF6EF}.Release|x64.ActiveCfg = Release|x64
		{36496BCC-82FD-4EA0-A868-66F1F56CF6EF}.Release|x64.Build.0 = Release|x64
		{36496BCC-82FD-4EA0-A868-66F1F56CF6EF}.Release|x86.ActiveCfg = Release|Win32
		{36496BCC-82FD-4EA0-A868-66F1F56CF6EF}.Release|x86.Build.0 = Release|Win32
		{51D8125F-933B-4D19-BF29-9CB18222F762}.Debug|Any CPU.ActiveCfg = Debug|x64
		{51D8125F-933B-4D19-BF29-9CB18222F762}.Debug|Any CPU.Build.0 = Debug|x64
		{51D8125F-933B-4D19-BF29-9CB18222F762}.Debug|ARM.ActiveCfg = Debug|x64
		{51D8125F-933B-4D19-BF29-9CB18222F762}.Debug|ARM.Build.0 = Debug|x64
		{51D8125F-933B-4D19-BF29-9CB18222F762}.Debug|ARM64.ActiveCfg = Debug|x64
		{51D8125F-933B-4D19-BF29-9CB18222F762}.Debug|ARM64.Build.0 = Debug|x64
		{51D8125F-933B-4D19-BF29-9CB18222F762}.Debug|x64.ActiveCfg = Debug|x64
		{51D8125F-933B-4D19-BF29-9CB18222F762}.Debug|x64.Build.0 = Debug|x64
		{51D8125F-933B-4D19-BF29-9CB18222F762}.Debug|x86.ActiveCfg = Debug|Win32
		{51D8125F-933B-4D19-BF29-9CB18222F762}.Debug|x86.Build.0 = Debug|Win32
		{51D8125F-933B-4D19-BF29-9CB18222F762}.Release|Any CPU.ActiveCfg = Release|x64
		{51D8125F-933B-4D19-BF29-9CB18222F762}.Release|Any CPU.Build.0 = Release|x64
		{51D8125F-933B-4D19-BF29-9CB18222F762}.Release|ARM.ActiveCfg = Release|x64
		{51D8125F-933B-4D19-BF29-9CB18222F762}.Release|ARM.Build.0 = Release|x64
		{51D8125F-933B-4D19-BF29-9CB18222F762}.Release|ARM64.ActiveCfg = Release|x64
		{51D8125F-933B-4D19-BF29-9CB18222F762}.Release|ARM64.Build.0 = Release|x64
		{51D8125F-933B-4D19-BF29-9CB18222F762}.Release|x64.ActiveCfg = Release|x64
		{51D8125F-933B-4D19-BF29-9CB18222F762}.Release|x64.Build.0 = Release|x64
		{51D8125F-933B-4D19-BF29-9CB18222F762}.Release|x86.ActiveCfg = Release|Win32
		{51D8125F-933B-4D19-BF29-9CB18222F762}.Release|x86.Build.0 = Release|Win32
		{9CE708CD-F035-49BC-AC2C-CF9E2DCD99DE}.Debug|Any CPU.ActiveCfg = Debug|x64
		{9CE708CD-F035-49BC-AC2C-CF9E2DCD99DE}.Debug|Any CPU.Build.0 = Debug|x64
		{9CE708CD-F035-49BC-AC2C-CF9E2DCD99DE}.Debug|ARM.ActiveCfg = Debug|x64
		{9CE708CD-F035-49BC-AC2C-CF9E2DCD99DE}.Debug|ARM.Build.0 = Debug|x64
		{9CE708CD-F035-49BC-AC2C-CF9E2DCD99DE}.Debug|ARM64.ActiveCfg = Debug|x64
		{9CE708CD-F035-49BC-AC2C-CF9E2DCD99DE}.Debug|ARM64.Build.0 = Debug|x64
		{9CE708CD-F035-49BC-AC2C-CF9E2DCD99DE}.Debug|x64.ActiveCfg = Debug|x64
		{9CE708CD-F035-49BC-AC2C-CF9E2DCD99DE}.Debug|x64.Build.0 = Debug|x64
		{9CE708CD-F035-49BC-AC2C-CF9E2DCD99DE}.Debug|x86.ActiveCfg = Debug|Win32
		{9CE708CD-F035-49BC-AC2C-CF9E2DCD99DE}.Debug|x86.Build.0 = Debug|Win32
		{9CE708CD-F035-49BC-AC2C-CF9E2DCD99DE}.Release|Any CPU.ActiveCfg = Release|x64
		{9CE708CD-F035-49BC-AC2C-CF9E2DCD99DE}.Release|Any CPU.Build.0 = Release|x64
		{9CE708CD-F035-49BC-AC2C-CF9E2DCD99DE}.Release|ARM.ActiveCfg = Release|x64
		{9CE708CD-F035-49BC-AC2C-CF9E2DCD99DE}.Release|ARM.Build.0 = Release|x64
		{9CE708CD-F035-49BC-AC2C-CF9E2DCD99DE}.Release|ARM64.ActiveCfg = Release|x64
		{9CE708CD-F035-49BC-AC2C-CF9E2DCD99DE}.Release|ARM64.Build.0 = Release|x64
		{9CE708CD-F035-49BC-AC2C-CF9E2DCD99DE}.Release|x64.ActiveCfg = Release|x64
		{9CE708CD-F035-49BC-AC2C-CF9E2DCD99DE}.Release|x64.Build.0 = Release|x64
		{9CE708CD-F035-49BC-AC2C-CF9E2DCD99DE}.Release|x86.ActiveCfg = Release|Win32
		{9CE708CD-F035-49BC-AC2C-CF9E2DCD99DE}.Release|x86.Build.0 = Release|Win32
		{BA0F3E16-2EE4-455C-A955-6D26547AA34E}.Debug|Any CPU.ActiveCfg = Debug|Any CPU
		{BA0F3E16-2EE4-455C-A955-6D26547AA34E}.Debug|Any CPU.Build.0 = Debug|Any CPU
		{BA0F3E16-2EE4-455C-A955-6D26547AA34E}.Debug|ARM.ActiveCfg = Debug|Any CPU
		{BA0F3E16-2EE4-455C-A955-6D26547AA34E}.Debug|ARM.Build.0 = Debug|Any CPU
		{BA0F3E16-2EE4-455C-A955-6D26547AA34E}.Debug|ARM64.ActiveCfg = Debug|Any CPU
		{BA0F3E16-2EE4-455C-A955-6D26547AA34E}.Debug|ARM64.Build.0 = Debug|Any CPU
		{BA0F3E16-2EE4-455C-A955-6D26547AA34E}.Debug|x64.ActiveCfg = Debug|Any CPU
		{BA0F3E16-2EE4-455C-A955-6D26547AA34E}.Debug|x64.Build.0 = Debug|Any CPU
		{BA0F3E16-2EE4-455C-A955-6D26547AA34E}.Debug|x86.ActiveCfg = Debug|Any CPU
		{BA0F3E16-2EE4-455C-A955-6D26547AA34E}.Debug|x86.Build.0 = Debug|Any CPU
		{BA0F3E16-2EE4-455C-A955-6D26547AA34E}.Release|Any CPU.ActiveCfg = Release|Any CPU
		{BA0F3E16-2EE4-455C-A955-6D26547AA34E}.Release|Any CPU.Build.0 = Release|Any CPU
		{BA0F3E16-2EE4-455C-A955-6D26547AA34E}.Release|ARM.ActiveCfg = Release|Any CPU
		{BA0F3E16-2EE4-455C-A955-6D26547AA34E}.Release|ARM.Build.0 = Release|Any CPU
		{BA0F3E16-2EE4-455C-A955-6D26547AA34E}.Release|ARM64.ActiveCfg = Release|Any CPU
		{BA0F3E16-2EE4-455C-A955-6D26547AA34E}.Release|ARM64.Build.0 = Release|Any CPU
		{BA0F3E16-2EE4-455C-A955-6D26547AA34E}.Release|x64.ActiveCfg = Release|Any CPU
		{BA0F3E16-2EE4-455C-A955-6D26547AA34E}.Release|x64.Build.0 = Release|Any CPU
		{BA0F3E16-2EE4-455C-A955-6D26547AA34E}.Release|x86.ActiveCfg = Release|Any CPU
		{BA0F3E16-2EE4-455C-A955-6D26547AA34E}.Release|x86.Build.0 = Release|Any CPU
		{FE35C2AA-C932-46AF-AE41-6EC45EDA3DA5}.Debug|Any CPU.ActiveCfg = Debug|x64
		{FE35C2AA-C932-46AF-AE41-6EC45EDA3DA5}.Debug|Any CPU.Build.0 = Debug|x64
		{FE35C2AA-C932-46AF-AE41-6EC45EDA3DA5}.Debug|Any CPU.Deploy.0 = Debug|x64
		{FE35C2AA-C932-46AF-AE41-6EC45EDA3DA5}.Debug|ARM.ActiveCfg = Debug|ARM
		{FE35C2AA-C932-46AF-AE41-6EC45EDA3DA5}.Debug|ARM.Build.0 = Debug|ARM
		{FE35C2AA-C932-46AF-AE41-6EC45EDA3DA5}.Debug|ARM.Deploy.0 = Debug|ARM
		{FE35C2AA-C932-46AF-AE41-6EC45EDA3DA5}.Debug|ARM64.ActiveCfg = Debug|ARM64
		{FE35C2AA-C932-46AF-AE41-6EC45EDA3DA5}.Debug|ARM64.Build.0 = Debug|ARM64
		{FE35C2AA-C932-46AF-AE41-6EC45EDA3DA5}.Debug|ARM64.Deploy.0 = Debug|ARM64
		{FE35C2AA-C932-46AF-AE41-6EC45EDA3DA5}.Debug|x64.ActiveCfg = Debug|x64
		{FE35C2AA-C932-46AF-AE41-6EC45EDA3DA5}.Debug|x64.Build.0 = Debug|x64
		{FE35C2AA-C932-46AF-AE41-6EC45EDA3DA5}.Debug|x64.Deploy.0 = Debug|x64
		{FE35C2AA-C932-46AF-AE41-6EC45EDA3DA5}.Debug|x86.ActiveCfg = Debug|x86
		{FE35C2AA-C932-46AF-AE41-6EC45EDA3DA5}.Debug|x86.Build.0 = Debug|x86
		{FE35C2AA-C932-46AF-AE41-6EC45EDA3DA5}.Debug|x86.Deploy.0 = Debug|x86
		{FE35C2AA-C932-46AF-AE41-6EC45EDA3DA5}.Release|Any CPU.ActiveCfg = Release|x64
		{FE35C2AA-C932-46AF-AE41-6EC45EDA3DA5}.Release|Any CPU.Build.0 = Release|x64
		{FE35C2AA-C932-46AF-AE41-6EC45EDA3DA5}.Release|Any CPU.Deploy.0 = Release|x64
		{FE35C2AA-C932-46AF-AE41-6EC45EDA3DA5}.Release|ARM.ActiveCfg = Release|ARM
		{FE35C2AA-C932-46AF-AE41-6EC45EDA3DA5}.Release|ARM.Build.0 = Release|ARM
		{FE35C2AA-C932-46AF-AE41-6EC45EDA3DA5}.Release|ARM.Deploy.0 = Release|ARM
		{FE35C2AA-C932-46AF-AE41-6EC45EDA3DA5}.Release|ARM64.ActiveCfg = Release|ARM64
		{FE35C2AA-C932-46AF-AE41-6EC45EDA3DA5}.Release|ARM64.Build.0 = Release|ARM64
		{FE35C2AA-C932-46AF-AE41-6EC45EDA3DA5}.Release|ARM64.Deploy.0 = Release|ARM64
		{FE35C2AA-C932-46AF-AE41-6EC45EDA3DA5}.Release|x64.ActiveCfg = Release|x64
		{FE35C2AA-C932-46AF-AE41-6EC45EDA3DA5}.Release|x64.Build.0 = Release|x64
		{FE35C2AA-C932-46AF-AE41-6EC45EDA3DA5}.Release|x64.Deploy.0 = Release|x64
		{FE35C2AA-C932-46AF-AE41-6EC45EDA3DA5}.Release|x86.ActiveCfg = Release|x86
		{FE35C2AA-C932-46AF-AE41-6EC45EDA3DA5}.Release|x86.Build.0 = Release|x86
		{FE35C2AA-C932-46AF-AE41-6EC45EDA3DA5}.Release|x86.Deploy.0 = Release|x86
		{B2B9187A-0110-422C-8984-60D9ED5900D8}.Debug|Any CPU.ActiveCfg = Debug|x64
		{B2B9187A-0110-422C-8984-60D9ED5900D8}.Debug|Any CPU.Build.0 = Debug|x64
		{B2B9187A-0110-422C-8984-60D9ED5900D8}.Debug|Any CPU.Deploy.0 = Debug|x64
		{B2B9187A-0110-422C-8984-60D9ED5900D8}.Debug|ARM.ActiveCfg = Debug|ARM
		{B2B9187A-0110-422C-8984-60D9ED5900D8}.Debug|ARM.Build.0 = Debug|ARM
		{B2B9187A-0110-422C-8984-60D9ED5900D8}.Debug|ARM.Deploy.0 = Debug|ARM
		{B2B9187A-0110-422C-8984-60D9ED5900D8}.Debug|ARM64.ActiveCfg = Debug|ARM64
		{B2B9187A-0110-422C-8984-60D9ED5900D8}.Debug|ARM64.Build.0 = Debug|ARM64
		{B2B9187A-0110-422C-8984-60D9ED5900D8}.Debug|ARM64.Deploy.0 = Debug|ARM64
		{B2B9187A-0110-422C-8984-60D9ED5900D8}.Debug|x64.ActiveCfg = Debug|x64
		{B2B9187A-0110-422C-8984-60D9ED5900D8}.Debug|x64.Build.0 = Debug|x64
		{B2B9187A-0110-422C-8984-60D9ED5900D8}.Debug|x64.Deploy.0 = Debug|x64
		{B2B9187A-0110-422C-8984-60D9ED5900D8}.Debug|x86.ActiveCfg = Debug|x86
		{B2B9187A-0110-422C-8984-60D9ED5900D8}.Debug|x86.Build.0 = Debug|x86
		{B2B9187A-0110-422C-8984-60D9ED5900D8}.Debug|x86.Deploy.0 = Debug|x86
		{B2B9187A-0110-422C-8984-60D9ED5900D8}.Release|Any CPU.ActiveCfg = Release|x64
		{B2B9187A-0110-422C-8984-60D9ED5900D8}.Release|Any CPU.Build.0 = Release|x64
		{B2B9187A-0110-422C-8984-60D9ED5900D8}.Release|Any CPU.Deploy.0 = Release|x64
		{B2B9187A-0110-422C-8984-60D9ED5900D8}.Release|ARM.ActiveCfg = Release|ARM
		{B2B9187A-0110-422C-8984-60D9ED5900D8}.Release|ARM.Build.0 = Release|ARM
		{B2B9187A-0110-422C-8984-60D9ED5900D8}.Release|ARM.Deploy.0 = Release|ARM
		{B2B9187A-0110-422C-8984-60D9ED5900D8}.Release|ARM64.ActiveCfg = Release|ARM64
		{B2B9187A-0110-422C-8984-60D9ED5900D8}.Release|ARM64.Build.0 = Release|ARM64
		{B2B9187A-0110-422C-8984-60D9ED5900D8}.Release|ARM64.Deploy.0 = Release|ARM64
		{B2B9187A-0110-422C-8984-60D9ED5900D8}.Release|x64.ActiveCfg = Release|x64
		{B2B9187A-0110-422C-8984-60D9ED5900D8}.Release|x64.Build.0 = Release|x64
		{B2B9187A-0110-422C-8984-60D9ED5900D8}.Release|x64.Deploy.0 = Release|x64
		{B2B9187A-0110-422C-8984-60D9ED5900D8}.Release|x86.ActiveCfg = Release|x86
		{B2B9187A-0110-422C-8984-60D9ED5900D8}.Release|x86.Build.0 = Release|x86
		{B2B9187A-0110-422C-8984-60D9ED5900D8}.Release|x86.Deploy.0 = Release|x86
		{A7D0D5C9-EEA9-4135-B35F-68890C837126}.Debug|Any CPU.ActiveCfg = Debug|x64
		{A7D0D5C9-EEA9-4135-B35F-68890C837126}.Debug|Any CPU.Build.0 = Debug|x64
		{A7D0D5C9-EEA9-4135-B35F-68890C837126}.Debug|Any CPU.Deploy.0 = Debug|x64
		{A7D0D5C9-EEA9-4135-B35F-68890C837126}.Debug|ARM.ActiveCfg = Debug|ARM
		{A7D0D5C9-EEA9-4135-B35F-68890C837126}.Debug|ARM.Build.0 = Debug|ARM
		{A7D0D5C9-EEA9-4135-B35F-68890C837126}.Debug|ARM.Deploy.0 = Debug|ARM
		{A7D0D5C9-EEA9-4135-B35F-68890C837126}.Debug|ARM64.ActiveCfg = Debug|ARM64
		{A7D0D5C9-EEA9-4135-B35F-68890C837126}.Debug|ARM64.Build.0 = Debug|ARM64
		{A7D0D5C9-EEA9-4135-B35F-68890C837126}.Debug|ARM64.Deploy.0 = Debug|ARM64
		{A7D0D5C9-EEA9-4135-B35F-68890C837126}.Debug|x64.ActiveCfg = Debug|x64
		{A7D0D5C9-EEA9-4135-B35F-68890C837126}.Debug|x64.Build.0 = Debug|x64
		{A7D0D5C9-EEA9-4135-B35F-68890C837126}.Debug|x64.Deploy.0 = Debug|x64
		{A7D0D5C9-EEA9-4135-B35F-68890C837126}.Debug|x86.ActiveCfg = Debug|x86
		{A7D0D5C9-EEA9-4135-B35F-68890C837126}.Debug|x86.Build.0 = Debug|x86
		{A7D0D5C9-EEA9-4135-B35F-68890C837126}.Debug|x86.Deploy.0 = Debug|x86
		{A7D0D5C9-EEA9-4135-B35F-68890C837126}.Release|Any CPU.ActiveCfg = Release|x64
		{A7D0D5C9-EEA9-4135-B35F-68890C837126}.Release|Any CPU.Build.0 = Release|x64
		{A7D0D5C9-EEA9-4135-B35F-68890C837126}.Release|Any CPU.Deploy.0 = Release|x64
		{A7D0D5C9-EEA9-4135-B35F-68890C837126}.Release|ARM.ActiveCfg = Release|ARM
		{A7D0D5C9-EEA9-4135-B35F-68890C837126}.Release|ARM.Build.0 = Release|ARM
		{A7D0D5C9-EEA9-4135-B35F-68890C837126}.Release|ARM.Deploy.0 = Release|ARM
		{A7D0D5C9-EEA9-4135-B35F-68890C837126}.Release|ARM64.ActiveCfg = Release|ARM64
		{A7D0D5C9-EEA9-4135-B35F-68890C837126}.Release|ARM64.Build.0 = Release|ARM64
		{A7D0D5C9-EEA9-4135-B35F-68890C837126}.Release|ARM64.Deploy.0 = Release|ARM64
		{A7D0D5C9-EEA9-4135-B35F-68890C837126}.Release|x64.ActiveCfg = Release|x64
		{A7D0D5C9-EEA9-4135-B35F-68890C837126}.Release|x64.Build.0 = Release|x64
		{A7D0D5C9-EEA9-4135-B35F-68890C837126}.Release|x64.Deploy.0 = Release|x64
		{A7D0D5C9-EEA9-4135-B35F-68890C837126}.Release|x86.ActiveCfg = Release|x86
		{A7D0D5C9-EEA9-4135-B35F-68890C837126}.Release|x86.Build.0 = Release|x86
		{A7D0D5C9-EEA9-4135-B35F-68890C837126}.Release|x86.Deploy.0 = Release|x86
		{25E2405A-0BB9-4CC8-BF81-EF257FEA594F}.Debug|Any CPU.ActiveCfg = Debug|x64
		{25E2405A-0BB9-4CC8-BF81-EF257FEA594F}.Debug|Any CPU.Build.0 = Debug|x64
		{25E2405A-0BB9-4CC8-BF81-EF257FEA594F}.Debug|Any CPU.Deploy.0 = Debug|x64
		{25E2405A-0BB9-4CC8-BF81-EF257FEA594F}.Debug|ARM.ActiveCfg = Debug|ARM
		{25E2405A-0BB9-4CC8-BF81-EF257FEA594F}.Debug|ARM.Build.0 = Debug|ARM
		{25E2405A-0BB9-4CC8-BF81-EF257FEA594F}.Debug|ARM.Deploy.0 = Debug|ARM
		{25E2405A-0BB9-4CC8-BF81-EF257FEA594F}.Debug|ARM64.ActiveCfg = Debug|ARM64
		{25E2405A-0BB9-4CC8-BF81-EF257FEA594F}.Debug|ARM64.Build.0 = Debug|ARM64
		{25E2405A-0BB9-4CC8-BF81-EF257FEA594F}.Debug|ARM64.Deploy.0 = Debug|ARM64
		{25E2405A-0BB9-4CC8-BF81-EF257FEA594F}.Debug|x64.ActiveCfg = Debug|x64
		{25E2405A-0BB9-4CC8-BF81-EF257FEA594F}.Debug|x64.Build.0 = Debug|x64
		{25E2405A-0BB9-4CC8-BF81-EF257FEA594F}.Debug|x64.Deploy.0 = Debug|x64
		{25E2405A-0BB9-4CC8-BF81-EF257FEA594F}.Debug|x86.ActiveCfg = Debug|x86
		{25E2405A-0BB9-4CC8-BF81-EF257FEA594F}.Debug|x86.Build.0 = Debug|x86
		{25E2405A-0BB9-4CC8-BF81-EF257FEA594F}.Debug|x86.Deploy.0 = Debug|x86
		{25E2405A-0BB9-4CC8-BF81-EF257FEA594F}.Release|Any CPU.ActiveCfg = Release|x64
		{25E2405A-0BB9-4CC8-BF81-EF257FEA594F}.Release|Any CPU.Build.0 = Release|x64
		{25E2405A-0BB9-4CC8-BF81-EF257FEA594F}.Release|Any CPU.Deploy.0 = Release|x64
		{25E2405A-0BB9-4CC8-BF81-EF257FEA594F}.Release|ARM.ActiveCfg = Release|ARM
		{25E2405A-0BB9-4CC8-BF81-EF257FEA594F}.Release|ARM.Build.0 = Release|ARM
		{25E2405A-0BB9-4CC8-BF81-EF257FEA594F}.Release|ARM.Deploy.0 = Release|ARM
		{25E2405A-0BB9-4CC8-BF81-EF257FEA594F}.Release|ARM64.ActiveCfg = Release|ARM64
		{25E2405A-0BB9-4CC8-BF81-EF257FEA594F}.Release|ARM64.Build.0 = Release|ARM64
		{25E2405A-0BB9-4CC8-BF81-EF257FEA594F}.Release|ARM64.Deploy.0 = Release|ARM64
		{25E2405A-0BB9-4CC8-BF81-EF257FEA594F}.Release|x64.ActiveCfg = Release|x64
		{25E2405A-0BB9-4CC8-BF81-EF257FEA594F}.Release|x64.Build.0 = Release|x64
		{25E2405A-0BB9-4CC8-BF81-EF257FEA594F}.Release|x64.Deploy.0 = Release|x64
		{25E2405A-0BB9-4CC8-BF81-EF257FEA594F}.Release|x86.ActiveCfg = Release|x86
		{25E2405A-0BB9-4CC8-BF81-EF257FEA594F}.Release|x86.Build.0 = Release|x86
		{25E2405A-0BB9-4CC8-BF81-EF257FEA594F}.Release|x86.Deploy.0 = Release|x86
		{E30586E2-673F-4A3F-BAC2-71ED8C4D6792}.Debug|Any CPU.ActiveCfg = Debug|x64
		{E30586E2-673F-4A3F-BAC2-71ED8C4D6792}.Debug|Any CPU.Build.0 = Debug|x64
		{E30586E2-673F-4A3F-BAC2-71ED8C4D6792}.Debug|Any CPU.Deploy.0 = Debug|x64
		{E30586E2-673F-4A3F-BAC2-71ED8C4D6792}.Debug|ARM.ActiveCfg = Debug|ARM
		{E30586E2-673F-4A3F-BAC2-71ED8C4D6792}.Debug|ARM.Build.0 = Debug|ARM
		{E30586E2-673F-4A3F-BAC2-71ED8C4D6792}.Debug|ARM.Deploy.0 = Debug|ARM
		{E30586E2-673F-4A3F-BAC2-71ED8C4D6792}.Debug|ARM64.ActiveCfg = Debug|ARM64
		{E30586E2-673F-4A3F-BAC2-71ED8C4D6792}.Debug|ARM64.Build.0 = Debug|ARM64
		{E30586E2-673F-4A3F-BAC2-71ED8C4D6792}.Debug|ARM64.Deploy.0 = Debug|ARM64
		{E30586E2-673F-4A3F-BAC2-71ED8C4D6792}.Debug|x64.ActiveCfg = Debug|x64
		{E30586E2-673F-4A3F-BAC2-71ED8C4D6792}.Debug|x64.Build.0 = Debug|x64
		{E30586E2-673F-4A3F-BAC2-71ED8C4D6792}.Debug|x64.Deploy.0 = Debug|x64
		{E30586E2-673F-4A3F-BAC2-71ED8C4D6792}.Debug|x86.ActiveCfg = Debug|x86
		{E30586E2-673F-4A3F-BAC2-71ED8C4D6792}.Debug|x86.Build.0 = Debug|x86
		{E30586E2-673F-4A3F-BAC2-71ED8C4D6792}.Debug|x86.Deploy.0 = Debug|x86
		{E30586E2-673F-4A3F-BAC2-71ED8C4D6792}.Release|Any CPU.ActiveCfg = Release|x64
		{E30586E2-673F-4A3F-BAC2-71ED8C4D6792}.Release|Any CPU.Build.0 = Release|x64
		{E30586E2-673F-4A3F-BAC2-71ED8C4D6792}.Release|Any CPU.Deploy.0 = Release|x64
		{E30586E2-673F-4A3F-BAC2-71ED8C4D6792}.Release|ARM.ActiveCfg = Release|ARM
		{E30586E2-673F-4A3F-BAC2-71ED8C4D6792}.Release|ARM.Build.0 = Release|ARM
		{E30586E2-673F-4A3F-BAC2-71ED8C4D6792}.Release|ARM.Deploy.0 = Release|ARM
		{E30586E2-673F-4A3F-BAC2-71ED8C4D6792}.Release|ARM64.ActiveCfg = Release|ARM64
		{E30586E2-673F-4A3F-BAC2-71ED8C4D6792}.Release|ARM64.Build.0 = Release|ARM64
		{E30586E2-673F-4A3F-BAC2-71ED8C4D6792}.Release|ARM64.Deploy.0 = Release|ARM64
		{E30586E2-673F-4A3F-BAC2-71ED8C4D6792}.Release|x64.ActiveCfg = Release|x64
		{E30586E2-673F-4A3F-BAC2-71ED8C4D6792}.Release|x64.Build.0 = Release|x64
		{E30586E2-673F-4A3F-BAC2-71ED8C4D6792}.Release|x64.Deploy.0 = Release|x64
		{E30586E2-673F-4A3F-BAC2-71ED8C4D6792}.Release|x86.ActiveCfg = Release|x86
		{E30586E2-673F-4A3F-BAC2-71ED8C4D6792}.Release|x86.Build.0 = Release|x86
		{E30586E2-673F-4A3F-BAC2-71ED8C4D6792}.Release|x86.Deploy.0 = Release|x86
	EndGlobalSection
	GlobalSection(SolutionProperties) = preSolution
		HideSolutionNode = FALSE
	EndGlobalSection
	GlobalSection(ExtensibilityGlobals) = postSolution
		SolutionGuid = {B9A8C83C-2864-4A7B-BA5C-9277701C8E8D}
	EndGlobalSection
EndGlobal
